// !$*UTF8*$!
{
	archiveVersion = 1;
	classes = {
	};
	objectVersion = 50;
	objects = {

/* Begin PBXBuildFile section */
		181DABC424FAC47400C21E42 /* TlingNotifiedINAction.m in Sources */ = {isa = PBXBuildFile; fileRef = 181DABC324FAC47400C21E42 /* TlingNotifiedINAction.m */; };
		181DABC724FB45EA00C21E42 /* TlingTryingAction.m in Sources */ = {isa = PBXBuildFile; fileRef = 181DABC624FB45EA00C21E42 /* TlingTryingAction.m */; };
		181DABCA24FB460700C21E42 /* TlingThrowingAction.m in Sources */ = {isa = PBXBuildFile; fileRef = 181DABC924FB460700C21E42 /* TlingThrowingAction.m */; };
		181DABCD24FB464B00C21E42 /* TlingBranchINAction.m in Sources */ = {isa = PBXBuildFile; fileRef = 181DABCC24FB464B00C21E42 /* TlingBranchINAction.m */; };
		181DABD024FB468800C21E42 /* TlingAsserttINAction.m in Sources */ = {isa = PBXBuildFile; fileRef = 181DABCF24FB468800C21E42 /* TlingAsserttINAction.m */; };
		181DABD324FB469C00C21E42 /* TlingAsserttByAction.m in Sources */ = {isa = PBXBuildFile; fileRef = 181DABD224FB469C00C21E42 /* TlingAsserttByAction.m */; };
		182620B424F79AE50006DA86 /* AppDelegate.m in Sources */ = {isa = PBXBuildFile; fileRef = 182620B324F79AE50006DA86 /* AppDelegate.m */; };
		182620B724F79AE50006DA86 /* SceneDelegate.m in Sources */ = {isa = PBXBuildFile; fileRef = 182620B624F79AE50006DA86 /* SceneDelegate.m */; };
		182620BA24F79AE50006DA86 /* ViewController.m in Sources */ = {isa = PBXBuildFile; fileRef = 182620B924F79AE50006DA86 /* ViewController.m */; };
		182620BD24F79AE50006DA86 /* Main.storyboard in Resources */ = {isa = PBXBuildFile; fileRef = 182620BB24F79AE50006DA86 /* Main.storyboard */; };
		182620BF24F79AEA0006DA86 /* Assets.xcassets in Resources */ = {isa = PBXBuildFile; fileRef = 182620BE24F79AEA0006DA86 /* Assets.xcassets */; };
		182620C224F79AEA0006DA86 /* LaunchScreen.storyboard in Resources */ = {isa = PBXBuildFile; fileRef = 182620C024F79AEA0006DA86 /* LaunchScreen.storyboard */; };
		182620C524F79AEA0006DA86 /* main.m in Sources */ = {isa = PBXBuildFile; fileRef = 182620C424F79AEA0006DA86 /* main.m */; };
		1826210324F79B130006DA86 /* TlingErr.m in Sources */ = {isa = PBXBuildFile; fileRef = 182620CD24F79B130006DA86 /* TlingErr.m */; };
		1826210424F79B130006DA86 /* TlingListener.m in Sources */ = {isa = PBXBuildFile; fileRef = 182620D024F79B130006DA86 /* TlingListener.m */; };
		1826210524F79B130006DA86 /* DynamilingInfo.m in Sources */ = {isa = PBXBuildFile; fileRef = 182620D124F79B130006DA86 /* DynamilingInfo.m */; };
		1826210624F79B130006DA86 /* Aling.m in Sources */ = {isa = PBXBuildFile; fileRef = 182620D224F79B130006DA86 /* Aling.m */; };
		1826210724F79B130006DA86 /* Tling.m in Sources */ = {isa = PBXBuildFile; fileRef = 182620D324F79B130006DA86 /* Tling.m */; };
		1826210824F79B130006DA86 /* NSObject+Objcling.m in Sources */ = {isa = PBXBuildFile; fileRef = 182620DA24F79B130006DA86 /* NSObject+Objcling.m */; };
		1826210924F79B130006DA86 /* ObjclingRuntime.m in Sources */ = {isa = PBXBuildFile; fileRef = 182620DE24F79B130006DA86 /* ObjclingRuntime.m */; };
		1826210B24F79B130006DA86 /* AlingAction.m in Sources */ = {isa = PBXBuildFile; fileRef = 182620E824F79B130006DA86 /* AlingAction.m */; };
		1826210C24F79B130006DA86 /* TObjectling_more.m in Sources */ = {isa = PBXBuildFile; fileRef = 182620EC24F79B130006DA86 /* TObjectling_more.m */; };
		1826210D24F79B130006DA86 /* TObjectling_moreN.m in Sources */ = {isa = PBXBuildFile; fileRef = 182620ED24F79B130006DA86 /* TObjectling_moreN.m */; };
		1826210E24F79B130006DA86 /* TObjectling_log.m in Sources */ = {isa = PBXBuildFile; fileRef = 182620EE24F79B130006DA86 /* TObjectling_log.m */; };
		1826210F24F79B130006DA86 /* TDictionaryling.m in Sources */ = {isa = PBXBuildFile; fileRef = 182620F124F79B130006DA86 /* TDictionaryling.m */; };
		1826211024F79B130006DA86 /* TStringling.m in Sources */ = {isa = PBXBuildFile; fileRef = 182620F224F79B130006DA86 /* TStringling.m */; };
		1826211124F79B130006DA86 /* TArrayling.m in Sources */ = {isa = PBXBuildFile; fileRef = 182620F324F79B130006DA86 /* TArrayling.m */; };
		1826211224F79B130006DA86 /* TObjectling.m in Sources */ = {isa = PBXBuildFile; fileRef = 182620F424F79B130006DA86 /* TObjectling.m */; };
		1826211324F79B130006DA86 /* TViewling.m in Sources */ = {isa = PBXBuildFile; fileRef = 182620F624F79B130006DA86 /* TViewling.m */; };
		1826211424F79B130006DA86 /* TButtonling.m in Sources */ = {isa = PBXBuildFile; fileRef = 182620F724F79B130006DA86 /* TButtonling.m */; };
		1826211524F79B130006DA86 /* TNumberling.m in Sources */ = {isa = PBXBuildFile; fileRef = 1826210124F79B130006DA86 /* TNumberling.m */; };
		1826211624F79B130006DA86 /* TValueling.m in Sources */ = {isa = PBXBuildFile; fileRef = 1826210224F79B130006DA86 /* TValueling.m */; };
		186500152509D88F0081FE8E /* TDynamiling.m in Sources */ = {isa = PBXBuildFile; fileRef = 186500142509D88F0081FE8E /* TDynamiling.m */; };
		1882290E24F89668007213D8 /* AlingStopAction.m in Sources */ = {isa = PBXBuildFile; fileRef = 1882290D24F89668007213D8 /* AlingStopAction.m */; };
		18A50EB2250BD96B00EDEF85 /* TObjectling_moreAt.m in Sources */ = {isa = PBXBuildFile; fileRef = 18A50EB1250BD96B00EDEF85 /* TObjectling_moreAt.m */; };
		18A50EB5250BDCC900EDEF85 /* TObjectling_appendto.m in Sources */ = {isa = PBXBuildFile; fileRef = 18A50EB4250BDCC900EDEF85 /* TObjectling_appendto.m */; };
		18B5D0E5250775A700B02BD3 /* TURLling.m in Sources */ = {isa = PBXBuildFile; fileRef = 18B5D0E4250775A700B02BD3 /* TURLling.m */; };
		18B5D0E82507872200B02BD3 /* TImageViewling.m in Sources */ = {isa = PBXBuildFile; fileRef = 18B5D0E72507872200B02BD3 /* TImageViewling.m */; };
		18B5D0EB2507C0E300B02BD3 /* TLabelling.m in Sources */ = {isa = PBXBuildFile; fileRef = 18B5D0EA2507C0E300B02BD3 /* TLabelling.m */; };
		18B5D0EE2507C3E900B02BD3 /* TTextFieldling.m in Sources */ = {isa = PBXBuildFile; fileRef = 18B5D0ED2507C3E900B02BD3 /* TTextFieldling.m */; };
		18B5D0F12507CDEF00B02BD3 /* TTextViewling.m in Sources */ = {isa = PBXBuildFile; fileRef = 18B5D0F02507CDEF00B02BD3 /* TTextViewling.m */; };
		18B5D0F42507D41300B02BD3 /* TColorling.m in Sources */ = {isa = PBXBuildFile; fileRef = 18B5D0F32507D41300B02BD3 /* TColorling.m */; };
		18B5D0F72507D7FC00B02BD3 /* TPredicateling.m in Sources */ = {isa = PBXBuildFile; fileRef = 18B5D0F62507D7FC00B02BD3 /* TPredicateling.m */; };
		18BF6107250F130000800A3A /* TObjectling_appendtoAt.m in Sources */ = {isa = PBXBuildFile; fileRef = 18BF6106250F130000800A3A /* TObjectling_appendtoAt.m */; };
		18BF610A250F406100800A3A /* TObjectling_lessN.m in Sources */ = {isa = PBXBuildFile; fileRef = 18BF6109250F406100800A3A /* TObjectling_lessN.m */; };
		18D9D0622500EFEA00E14BA8 /* TlingStopWhileAction.m in Sources */ = {isa = PBXBuildFile; fileRef = 18D9D0612500EFEA00E14BA8 /* TlingStopWhileAction.m */; };
/* End PBXBuildFile section */

/* Begin PBXFileReference section */
		181DABC224FAC47400C21E42 /* TlingNotifiedINAction.h */ = {isa = PBXFileReference; lastKnownFileType = sourcecode.c.h; path = TlingNotifiedINAction.h; sourceTree = "<group>"; };
		181DABC324FAC47400C21E42 /* TlingNotifiedINAction.m */ = {isa = PBXFileReference; lastKnownFileType = sourcecode.c.objc; path = TlingNotifiedINAction.m; sourceTree = "<group>"; };
		181DABC524FB45EA00C21E42 /* TlingTryingAction.h */ = {isa = PBXFileReference; lastKnownFileType = sourcecode.c.h; path = TlingTryingAction.h; sourceTree = "<group>"; };
		181DABC624FB45EA00C21E42 /* TlingTryingAction.m */ = {isa = PBXFileReference; lastKnownFileType = sourcecode.c.objc; path = TlingTryingAction.m; sourceTree = "<group>"; };
		181DABC824FB460700C21E42 /* TlingThrowingAction.h */ = {isa = PBXFileReference; lastKnownFileType = sourcecode.c.h; path = TlingThrowingAction.h; sourceTree = "<group>"; };
		181DABC924FB460700C21E42 /* TlingThrowingAction.m */ = {isa = PBXFileReference; lastKnownFileType = sourcecode.c.objc; path = TlingThrowingAction.m; sourceTree = "<group>"; };
		181DABCB24FB464B00C21E42 /* TlingBranchINAction.h */ = {isa = PBXFileReference; lastKnownFileType = sourcecode.c.h; path = TlingBranchINAction.h; sourceTree = "<group>"; };
		181DABCC24FB464B00C21E42 /* TlingBranchINAction.m */ = {isa = PBXFileReference; lastKnownFileType = sourcecode.c.objc; path = TlingBranchINAction.m; sourceTree = "<group>"; };
		181DABCE24FB468800C21E42 /* TlingAsserttINAction.h */ = {isa = PBXFileReference; lastKnownFileType = sourcecode.c.h; path = TlingAsserttINAction.h; sourceTree = "<group>"; };
		181DABCF24FB468800C21E42 /* TlingAsserttINAction.m */ = {isa = PBXFileReference; lastKnownFileType = sourcecode.c.objc; path = TlingAsserttINAction.m; sourceTree = "<group>"; };
		181DABD124FB469C00C21E42 /* TlingAsserttByAction.h */ = {isa = PBXFileReference; lastKnownFileType = sourcecode.c.h; path = TlingAsserttByAction.h; sourceTree = "<group>"; };
		181DABD224FB469C00C21E42 /* TlingAsserttByAction.m */ = {isa = PBXFileReference; lastKnownFileType = sourcecode.c.objc; path = TlingAsserttByAction.m; sourceTree = "<group>"; };
		182620AF24F79AE40006DA86 /* ObjclingDemo.app */ = {isa = PBXFileReference; explicitFileType = wrapper.application; includeInIndex = 0; path = ObjclingDemo.app; sourceTree = BUILT_PRODUCTS_DIR; };
		182620B224F79AE50006DA86 /* AppDelegate.h */ = {isa = PBXFileReference; lastKnownFileType = sourcecode.c.h; path = AppDelegate.h; sourceTree = "<group>"; };
		182620B324F79AE50006DA86 /* AppDelegate.m */ = {isa = PBXFileReference; lastKnownFileType = sourcecode.c.objc; path = AppDelegate.m; sourceTree = "<group>"; };
		182620B524F79AE50006DA86 /* SceneDelegate.h */ = {isa = PBXFileReference; lastKnownFileType = sourcecode.c.h; path = SceneDelegate.h; sourceTree = "<group>"; };
		182620B624F79AE50006DA86 /* SceneDelegate.m */ = {isa = PBXFileReference; lastKnownFileType = sourcecode.c.objc; path = SceneDelegate.m; sourceTree = "<group>"; };
		182620B824F79AE50006DA86 /* ViewController.h */ = {isa = PBXFileReference; lastKnownFileType = sourcecode.c.h; path = ViewController.h; sourceTree = "<group>"; };
		182620B924F79AE50006DA86 /* ViewController.m */ = {isa = PBXFileReference; lastKnownFileType = sourcecode.c.objc; path = ViewController.m; sourceTree = "<group>"; };
		182620BC24F79AE50006DA86 /* Base */ = {isa = PBXFileReference; lastKnownFileType = file.storyboard; name = Base; path = Base.lproj/Main.storyboard; sourceTree = "<group>"; };
		182620BE24F79AEA0006DA86 /* Assets.xcassets */ = {isa = PBXFileReference; lastKnownFileType = folder.assetcatalog; path = Assets.xcassets; sourceTree = "<group>"; };
		182620C124F79AEA0006DA86 /* Base */ = {isa = PBXFileReference; lastKnownFileType = file.storyboard; name = Base; path = Base.lproj/LaunchScreen.storyboard; sourceTree = "<group>"; };
		182620C324F79AEA0006DA86 /* Info.plist */ = {isa = PBXFileReference; lastKnownFileType = text.plist.xml; path = Info.plist; sourceTree = "<group>"; };
		182620C424F79AEA0006DA86 /* main.m */ = {isa = PBXFileReference; lastKnownFileType = sourcecode.c.objc; path = main.m; sourceTree = "<group>"; };
		182620CD24F79B130006DA86 /* TlingErr.m */ = {isa = PBXFileReference; fileEncoding = 4; lastKnownFileType = sourcecode.c.objc; path = TlingErr.m; sourceTree = "<group>"; };
		182620CE24F79B130006DA86 /* Tling.h */ = {isa = PBXFileReference; fileEncoding = 4; lastKnownFileType = sourcecode.c.h; path = Tling.h; sourceTree = "<group>"; };
		182620D024F79B130006DA86 /* TlingListener.m */ = {isa = PBXFileReference; fileEncoding = 4; lastKnownFileType = sourcecode.c.objc; path = TlingListener.m; sourceTree = "<group>"; };
		182620D124F79B130006DA86 /* DynamilingInfo.m */ = {isa = PBXFileReference; fileEncoding = 4; lastKnownFileType = sourcecode.c.objc; path = DynamilingInfo.m; sourceTree = "<group>"; };
		182620D224F79B130006DA86 /* Aling.m */ = {isa = PBXFileReference; fileEncoding = 4; lastKnownFileType = sourcecode.c.objc; path = Aling.m; sourceTree = "<group>"; };
		182620D324F79B130006DA86 /* Tling.m */ = {isa = PBXFileReference; fileEncoding = 4; lastKnownFileType = sourcecode.c.objc; path = Tling.m; sourceTree = "<group>"; };
		182620D424F79B130006DA86 /* TlingErr.h */ = {isa = PBXFileReference; fileEncoding = 4; lastKnownFileType = sourcecode.c.h; path = TlingErr.h; sourceTree = "<group>"; };
		182620D524F79B130006DA86 /* DynamilingInfo.h */ = {isa = PBXFileReference; fileEncoding = 4; lastKnownFileType = sourcecode.c.h; path = DynamilingInfo.h; sourceTree = "<group>"; };
		182620D624F79B130006DA86 /* TlingListener.h */ = {isa = PBXFileReference; fileEncoding = 4; lastKnownFileType = sourcecode.c.h; path = TlingListener.h; sourceTree = "<group>"; };
		182620D724F79B130006DA86 /* Aling.h */ = {isa = PBXFileReference; fileEncoding = 4; lastKnownFileType = sourcecode.c.h; path = Aling.h; sourceTree = "<group>"; };
		182620D824F79B130006DA86 /* Objcling.h */ = {isa = PBXFileReference; fileEncoding = 4; lastKnownFileType = sourcecode.c.h; path = Objcling.h; sourceTree = "<group>"; };
		182620DA24F79B130006DA86 /* NSObject+Objcling.m */ = {isa = PBXFileReference; fileEncoding = 4; lastKnownFileType = sourcecode.c.objc; path = "NSObject+Objcling.m"; sourceTree = "<group>"; };
		182620DB24F79B130006DA86 /* NSObject+Objcling.h */ = {isa = PBXFileReference; fileEncoding = 4; lastKnownFileType = sourcecode.c.h; path = "NSObject+Objcling.h"; sourceTree = "<group>"; };
		182620DD24F79B130006DA86 /* ObjclingRuntime.h */ = {isa = PBXFileReference; fileEncoding = 4; lastKnownFileType = sourcecode.c.h; path = ObjclingRuntime.h; sourceTree = "<group>"; };
		182620DE24F79B130006DA86 /* ObjclingRuntime.m */ = {isa = PBXFileReference; fileEncoding = 4; lastKnownFileType = sourcecode.c.objc; path = ObjclingRuntime.m; sourceTree = "<group>"; };
		182620E024F79B130006DA86 /* LingCoreConnect.h */ = {isa = PBXFileReference; fileEncoding = 4; lastKnownFileType = sourcecode.c.h; path = LingCoreConnect.h; sourceTree = "<group>"; };
		182620E124F79B130006DA86 /* LingDefines.h */ = {isa = PBXFileReference; fileEncoding = 4; lastKnownFileType = sourcecode.c.h; path = LingDefines.h; sourceTree = "<group>"; };
		182620E324F79B130006DA86 /* AlingAction.h */ = {isa = PBXFileReference; fileEncoding = 4; lastKnownFileType = sourcecode.c.h; path = AlingAction.h; sourceTree = "<group>"; };
		182620E824F79B130006DA86 /* AlingAction.m */ = {isa = PBXFileReference; fileEncoding = 4; lastKnownFileType = sourcecode.c.objc; path = AlingAction.m; sourceTree = "<group>"; };
		182620EA24F79B130006DA86 /* TObjectling_moreN.h */ = {isa = PBXFileReference; fileEncoding = 4; lastKnownFileType = sourcecode.c.h; path = TObjectling_moreN.h; sourceTree = "<group>"; };
		182620EB24F79B130006DA86 /* TObjectling_log.h */ = {isa = PBXFileReference; fileEncoding = 4; lastKnownFileType = sourcecode.c.h; path = TObjectling_log.h; sourceTree = "<group>"; };
		182620EC24F79B130006DA86 /* TObjectling_more.m */ = {isa = PBXFileReference; fileEncoding = 4; lastKnownFileType = sourcecode.c.objc; path = TObjectling_more.m; sourceTree = "<group>"; };
		182620ED24F79B130006DA86 /* TObjectling_moreN.m */ = {isa = PBXFileReference; fileEncoding = 4; lastKnownFileType = sourcecode.c.objc; path = TObjectling_moreN.m; sourceTree = "<group>"; };
		182620EE24F79B130006DA86 /* TObjectling_log.m */ = {isa = PBXFileReference; fileEncoding = 4; lastKnownFileType = sourcecode.c.objc; path = TObjectling_log.m; sourceTree = "<group>"; };
		182620EF24F79B130006DA86 /* TObjectling_more.h */ = {isa = PBXFileReference; fileEncoding = 4; lastKnownFileType = sourcecode.c.h; path = TObjectling_more.h; sourceTree = "<group>"; };
		182620F124F79B130006DA86 /* TDictionaryling.m */ = {isa = PBXFileReference; fileEncoding = 4; lastKnownFileType = sourcecode.c.objc; path = TDictionaryling.m; sourceTree = "<group>"; };
		182620F224F79B130006DA86 /* TStringling.m */ = {isa = PBXFileReference; fileEncoding = 4; lastKnownFileType = sourcecode.c.objc; path = TStringling.m; sourceTree = "<group>"; };
		182620F324F79B130006DA86 /* TArrayling.m */ = {isa = PBXFileReference; fileEncoding = 4; lastKnownFileType = sourcecode.c.objc; path = TArrayling.m; sourceTree = "<group>"; };
		182620F424F79B130006DA86 /* TObjectling.m */ = {isa = PBXFileReference; fileEncoding = 4; lastKnownFileType = sourcecode.c.objc; path = TObjectling.m; sourceTree = "<group>"; };
		182620F624F79B130006DA86 /* TViewling.m */ = {isa = PBXFileReference; fileEncoding = 4; lastKnownFileType = sourcecode.c.objc; path = TViewling.m; sourceTree = "<group>"; };
		182620F724F79B130006DA86 /* TButtonling.m */ = {isa = PBXFileReference; fileEncoding = 4; lastKnownFileType = sourcecode.c.objc; path = TButtonling.m; sourceTree = "<group>"; };
		182620F824F79B130006DA86 /* TViewling.h */ = {isa = PBXFileReference; fileEncoding = 4; lastKnownFileType = sourcecode.c.h; path = TViewling.h; sourceTree = "<group>"; };
		182620F924F79B130006DA86 /* TButtonling.h */ = {isa = PBXFileReference; fileEncoding = 4; lastKnownFileType = sourcecode.c.h; path = TButtonling.h; sourceTree = "<group>"; };
		182620FA24F79B130006DA86 /* TValueling.h */ = {isa = PBXFileReference; fileEncoding = 4; lastKnownFileType = sourcecode.c.h; path = TValueling.h; sourceTree = "<group>"; };
		182620FB24F79B130006DA86 /* TNumberling.h */ = {isa = PBXFileReference; fileEncoding = 4; lastKnownFileType = sourcecode.c.h; path = TNumberling.h; sourceTree = "<group>"; };
		182620FC24F79B130006DA86 /* TDictionaryling.h */ = {isa = PBXFileReference; fileEncoding = 4; lastKnownFileType = sourcecode.c.h; path = TDictionaryling.h; sourceTree = "<group>"; };
		182620FD24F79B130006DA86 /* TArrayling.h */ = {isa = PBXFileReference; fileEncoding = 4; lastKnownFileType = sourcecode.c.h; path = TArrayling.h; sourceTree = "<group>"; };
		182620FE24F79B130006DA86 /* TStringling.h */ = {isa = PBXFileReference; fileEncoding = 4; lastKnownFileType = sourcecode.c.h; path = TStringling.h; sourceTree = "<group>"; };
		1826210024F79B130006DA86 /* TObjectling.h */ = {isa = PBXFileReference; fileEncoding = 4; lastKnownFileType = sourcecode.c.h; path = TObjectling.h; sourceTree = "<group>"; };
		1826210124F79B130006DA86 /* TNumberling.m */ = {isa = PBXFileReference; fileEncoding = 4; lastKnownFileType = sourcecode.c.objc; path = TNumberling.m; sourceTree = "<group>"; };
		1826210224F79B130006DA86 /* TValueling.m */ = {isa = PBXFileReference; fileEncoding = 4; lastKnownFileType = sourcecode.c.objc; path = TValueling.m; sourceTree = "<group>"; };
		186500132509D88F0081FE8E /* TDynamiling.h */ = {isa = PBXFileReference; lastKnownFileType = sourcecode.c.h; path = TDynamiling.h; sourceTree = "<group>"; };
		186500142509D88F0081FE8E /* TDynamiling.m */ = {isa = PBXFileReference; lastKnownFileType = sourcecode.c.objc; path = TDynamiling.m; sourceTree = "<group>"; };
		1882290C24F89668007213D8 /* AlingStopAction.h */ = {isa = PBXFileReference; lastKnownFileType = sourcecode.c.h; path = AlingStopAction.h; sourceTree = "<group>"; };
		1882290D24F89668007213D8 /* AlingStopAction.m */ = {isa = PBXFileReference; lastKnownFileType = sourcecode.c.objc; path = AlingStopAction.m; sourceTree = "<group>"; };
		18A50EB0250BD96B00EDEF85 /* TObjectling_moreAt.h */ = {isa = PBXFileReference; lastKnownFileType = sourcecode.c.h; path = TObjectling_moreAt.h; sourceTree = "<group>"; };
		18A50EB1250BD96B00EDEF85 /* TObjectling_moreAt.m */ = {isa = PBXFileReference; lastKnownFileType = sourcecode.c.objc; path = TObjectling_moreAt.m; sourceTree = "<group>"; };
		18A50EB3250BDCC900EDEF85 /* TObjectling_appendto.h */ = {isa = PBXFileReference; lastKnownFileType = sourcecode.c.h; path = TObjectling_appendto.h; sourceTree = "<group>"; };
		18A50EB4250BDCC900EDEF85 /* TObjectling_appendto.m */ = {isa = PBXFileReference; lastKnownFileType = sourcecode.c.objc; path = TObjectling_appendto.m; sourceTree = "<group>"; };
		18B5D0E3250775A700B02BD3 /* TURLling.h */ = {isa = PBXFileReference; lastKnownFileType = sourcecode.c.h; path = TURLling.h; sourceTree = "<group>"; };
		18B5D0E4250775A700B02BD3 /* TURLling.m */ = {isa = PBXFileReference; lastKnownFileType = sourcecode.c.objc; path = TURLling.m; sourceTree = "<group>"; };
		18B5D0E62507872200B02BD3 /* TImageViewling.h */ = {isa = PBXFileReference; lastKnownFileType = sourcecode.c.h; path = TImageViewling.h; sourceTree = "<group>"; };
		18B5D0E72507872200B02BD3 /* TImageViewling.m */ = {isa = PBXFileReference; lastKnownFileType = sourcecode.c.objc; path = TImageViewling.m; sourceTree = "<group>"; };
		18B5D0E92507C0E300B02BD3 /* TLabelling.h */ = {isa = PBXFileReference; lastKnownFileType = sourcecode.c.h; path = TLabelling.h; sourceTree = "<group>"; };
		18B5D0EA2507C0E300B02BD3 /* TLabelling.m */ = {isa = PBXFileReference; lastKnownFileType = sourcecode.c.objc; path = TLabelling.m; sourceTree = "<group>"; };
		18B5D0EC2507C3E900B02BD3 /* TTextFieldling.h */ = {isa = PBXFileReference; lastKnownFileType = sourcecode.c.h; path = TTextFieldling.h; sourceTree = "<group>"; };
		18B5D0ED2507C3E900B02BD3 /* TTextFieldling.m */ = {isa = PBXFileReference; lastKnownFileType = sourcecode.c.objc; path = TTextFieldling.m; sourceTree = "<group>"; };
		18B5D0EF2507CDEF00B02BD3 /* TTextViewling.h */ = {isa = PBXFileReference; lastKnownFileType = sourcecode.c.h; path = TTextViewling.h; sourceTree = "<group>"; };
		18B5D0F02507CDEF00B02BD3 /* TTextViewling.m */ = {isa = PBXFileReference; lastKnownFileType = sourcecode.c.objc; path = TTextViewling.m; sourceTree = "<group>"; };
		18B5D0F22507D41300B02BD3 /* TColorling.h */ = {isa = PBXFileReference; lastKnownFileType = sourcecode.c.h; path = TColorling.h; sourceTree = "<group>"; };
		18B5D0F32507D41300B02BD3 /* TColorling.m */ = {isa = PBXFileReference; lastKnownFileType = sourcecode.c.objc; path = TColorling.m; sourceTree = "<group>"; };
		18B5D0F52507D7FC00B02BD3 /* TPredicateling.h */ = {isa = PBXFileReference; lastKnownFileType = sourcecode.c.h; path = TPredicateling.h; sourceTree = "<group>"; };
		18B5D0F62507D7FC00B02BD3 /* TPredicateling.m */ = {isa = PBXFileReference; lastKnownFileType = sourcecode.c.objc; path = TPredicateling.m; sourceTree = "<group>"; };
		18BF6105250F130000800A3A /* TObjectling_appendtoAt.h */ = {isa = PBXFileReference; lastKnownFileType = sourcecode.c.h; path = TObjectling_appendtoAt.h; sourceTree = "<group>"; };
		18BF6106250F130000800A3A /* TObjectling_appendtoAt.m */ = {isa = PBXFileReference; lastKnownFileType = sourcecode.c.objc; path = TObjectling_appendtoAt.m; sourceTree = "<group>"; };
		18BF6108250F406100800A3A /* TObjectling_lessN.h */ = {isa = PBXFileReference; lastKnownFileType = sourcecode.c.h; path = TObjectling_lessN.h; sourceTree = "<group>"; };
		18BF6109250F406100800A3A /* TObjectling_lessN.m */ = {isa = PBXFileReference; lastKnownFileType = sourcecode.c.objc; path = TObjectling_lessN.m; sourceTree = "<group>"; };
		18D9D0602500EFEA00E14BA8 /* TlingStopWhileAction.h */ = {isa = PBXFileReference; lastKnownFileType = sourcecode.c.h; path = TlingStopWhileAction.h; sourceTree = "<group>"; };
		18D9D0612500EFEA00E14BA8 /* TlingStopWhileAction.m */ = {isa = PBXFileReference; lastKnownFileType = sourcecode.c.objc; path = TlingStopWhileAction.m; sourceTree = "<group>"; };
/* End PBXFileReference section */

/* Begin PBXFrameworksBuildPhase section */
		182620AC24F79AE40006DA86 /* Frameworks */ = {
			isa = PBXFrameworksBuildPhase;
			buildActionMask = 2147483647;
			files = (
			);
			runOnlyForDeploymentPostprocessing = 0;
		};
/* End PBXFrameworksBuildPhase section */

/* Begin PBXGroup section */
		182620A624F79AE40006DA86 = {
			isa = PBXGroup;
			children = (
				182620B124F79AE40006DA86 /* ObjclingDemo */,
				182620B024F79AE40006DA86 /* Products */,
			);
			sourceTree = "<group>";
		};
		182620B024F79AE40006DA86 /* Products */ = {
			isa = PBXGroup;
			children = (
				182620AF24F79AE40006DA86 /* ObjclingDemo.app */,
			);
			name = Products;
			sourceTree = "<group>";
		};
		182620B124F79AE40006DA86 /* ObjclingDemo */ = {
			isa = PBXGroup;
			children = (
				182620CB24F79B130006DA86 /* Objcling */,
				182620B224F79AE50006DA86 /* AppDelegate.h */,
				182620B324F79AE50006DA86 /* AppDelegate.m */,
				182620B524F79AE50006DA86 /* SceneDelegate.h */,
				182620B624F79AE50006DA86 /* SceneDelegate.m */,
				182620B824F79AE50006DA86 /* ViewController.h */,
				182620B924F79AE50006DA86 /* ViewController.m */,
				182620BB24F79AE50006DA86 /* Main.storyboard */,
				182620BE24F79AEA0006DA86 /* Assets.xcassets */,
				182620C024F79AEA0006DA86 /* LaunchScreen.storyboard */,
				182620C324F79AEA0006DA86 /* Info.plist */,
				182620C424F79AEA0006DA86 /* main.m */,
			);
			path = ObjclingDemo;
			sourceTree = "<group>";
		};
		182620CB24F79B130006DA86 /* Objcling */ = {
			isa = PBXGroup;
			children = (
				182620E224F79B130006DA86 /* Actions */,
				182620F024F79B130006DA86 /* AnyObject */,
				182620D924F79B130006DA86 /* Category */,
				182620DC24F79B130006DA86 /* Runtime */,
				182620CC24F79B130006DA86 /* Ling */,
				182620DF24F79B130006DA86 /* Macros */,
				182620D824F79B130006DA86 /* Objcling.h */,
			);
			name = Objcling;
			path = ../../Objcling;
			sourceTree = "<group>";
		};
		182620CC24F79B130006DA86 /* Ling */ = {
			isa = PBXGroup;
			children = (
				182620D724F79B130006DA86 /* Aling.h */,
				182620D224F79B130006DA86 /* Aling.m */,
				182620CE24F79B130006DA86 /* Tling.h */,
				182620D324F79B130006DA86 /* Tling.m */,
				186500132509D88F0081FE8E /* TDynamiling.h */,
				186500142509D88F0081FE8E /* TDynamiling.m */,
				182620D524F79B130006DA86 /* DynamilingInfo.h */,
				182620D124F79B130006DA86 /* DynamilingInfo.m */,
				182620D424F79B130006DA86 /* TlingErr.h */,
				182620CD24F79B130006DA86 /* TlingErr.m */,
				182620D624F79B130006DA86 /* TlingListener.h */,
				182620D024F79B130006DA86 /* TlingListener.m */,
			);
			path = Ling;
			sourceTree = "<group>";
		};
		182620D924F79B130006DA86 /* Category */ = {
			isa = PBXGroup;
			children = (
				182620DB24F79B130006DA86 /* NSObject+Objcling.h */,
				182620DA24F79B130006DA86 /* NSObject+Objcling.m */,
			);
			path = Category;
			sourceTree = "<group>";
		};
		182620DC24F79B130006DA86 /* Runtime */ = {
			isa = PBXGroup;
			children = (
				182620DD24F79B130006DA86 /* ObjclingRuntime.h */,
				182620DE24F79B130006DA86 /* ObjclingRuntime.m */,
			);
			path = Runtime;
			sourceTree = "<group>";
		};
		182620DF24F79B130006DA86 /* Macros */ = {
			isa = PBXGroup;
			children = (
				182620E024F79B130006DA86 /* LingCoreConnect.h */,
				182620E124F79B130006DA86 /* LingDefines.h */,
			);
			path = Macros;
			sourceTree = "<group>";
		};
		182620E224F79B130006DA86 /* Actions */ = {
			isa = PBXGroup;
			children = (
				182620E324F79B130006DA86 /* AlingAction.h */,
				182620E824F79B130006DA86 /* AlingAction.m */,
				182620E424F79B130006DA86 /* Dynamiling */,
				182620E724F79B130006DA86 /* TArrayling */,
				182620E924F79B130006DA86 /* TObjecttring */,
			);
			path = Actions;
			sourceTree = "<group>";
		};
		182620E424F79B130006DA86 /* Dynamiling */ = {
			isa = PBXGroup;
			children = (
				1882290C24F89668007213D8 /* AlingStopAction.h */,
				1882290D24F89668007213D8 /* AlingStopAction.m */,
				181DABC224FAC47400C21E42 /* TlingNotifiedINAction.h */,
				181DABC324FAC47400C21E42 /* TlingNotifiedINAction.m */,
				181DABC524FB45EA00C21E42 /* TlingTryingAction.h */,
				181DABC624FB45EA00C21E42 /* TlingTryingAction.m */,
				181DABC824FB460700C21E42 /* TlingThrowingAction.h */,
				181DABC924FB460700C21E42 /* TlingThrowingAction.m */,
				181DABCB24FB464B00C21E42 /* TlingBranchINAction.h */,
				181DABCC24FB464B00C21E42 /* TlingBranchINAction.m */,
				181DABCE24FB468800C21E42 /* TlingAsserttINAction.h */,
				181DABCF24FB468800C21E42 /* TlingAsserttINAction.m */,
				181DABD124FB469C00C21E42 /* TlingAsserttByAction.h */,
				181DABD224FB469C00C21E42 /* TlingAsserttByAction.m */,
				18D9D0602500EFEA00E14BA8 /* TlingStopWhileAction.h */,
				18D9D0612500EFEA00E14BA8 /* TlingStopWhileAction.m */,
			);
			path = Dynamiling;
			sourceTree = "<group>";
		};
		182620E724F79B130006DA86 /* TArrayling */ = {
			isa = PBXGroup;
			children = (
			);
			path = TArrayling;
			sourceTree = "<group>";
		};
		182620E924F79B130006DA86 /* TObjecttring */ = {
			isa = PBXGroup;
			children = (
				18A50EB3250BDCC900EDEF85 /* TObjectling_appendto.h */,
				18A50EB4250BDCC900EDEF85 /* TObjectling_appendto.m */,
				18BF6105250F130000800A3A /* TObjectling_appendtoAt.h */,
				18BF6106250F130000800A3A /* TObjectling_appendtoAt.m */,
				182620EB24F79B130006DA86 /* TObjectling_log.h */,
				182620EE24F79B130006DA86 /* TObjectling_log.m */,
				182620EF24F79B130006DA86 /* TObjectling_more.h */,
				182620EC24F79B130006DA86 /* TObjectling_more.m */,
				18A50EB0250BD96B00EDEF85 /* TObjectling_moreAt.h */,
				18A50EB1250BD96B00EDEF85 /* TObjectling_moreAt.m */,
				182620EA24F79B130006DA86 /* TObjectling_moreN.h */,
				182620ED24F79B130006DA86 /* TObjectling_moreN.m */,
				18BF6108250F406100800A3A /* TObjectling_lessN.h */,
				18BF6109250F406100800A3A /* TObjectling_lessN.m */,
			);
			path = TObjecttring;
			sourceTree = "<group>";
		};
		182620F024F79B130006DA86 /* AnyObject */ = {
			isa = PBXGroup;
			children = (
				182620FD24F79B130006DA86 /* TArrayling.h */,
				182620F324F79B130006DA86 /* TArrayling.m */,
				18B5D0F22507D41300B02BD3 /* TColorling.h */,
				18B5D0F32507D41300B02BD3 /* TColorling.m */,
				182620FC24F79B130006DA86 /* TDictionaryling.h */,
				182620F124F79B130006DA86 /* TDictionaryling.m */,
				182620FB24F79B130006DA86 /* TNumberling.h */,
				1826210124F79B130006DA86 /* TNumberling.m */,
				1826210024F79B130006DA86 /* TObjectling.h */,
				182620F424F79B130006DA86 /* TObjectling.m */,
				18B5D0F52507D7FC00B02BD3 /* TPredicateling.h */,
				18B5D0F62507D7FC00B02BD3 /* TPredicateling.m */,
				182620FE24F79B130006DA86 /* TStringling.h */,
				182620F224F79B130006DA86 /* TStringling.m */,
				18B5D0E3250775A700B02BD3 /* TURLling.h */,
				18B5D0E4250775A700B02BD3 /* TURLling.m */,
				182620FA24F79B130006DA86 /* TValueling.h */,
				1826210224F79B130006DA86 /* TValueling.m */,
				182620F524F79B130006DA86 /* UIKit */,
			);
			path = AnyObject;
			sourceTree = "<group>";
		};
		182620F524F79B130006DA86 /* UIKit */ = {
			isa = PBXGroup;
			children = (
				182620F924F79B130006DA86 /* TButtonling.h */,
				182620F724F79B130006DA86 /* TButtonling.m */,
				182620F824F79B130006DA86 /* TViewling.h */,
				182620F624F79B130006DA86 /* TViewling.m */,
				18B5D0E62507872200B02BD3 /* TImageViewling.h */,
				18B5D0E72507872200B02BD3 /* TImageViewling.m */,
				18B5D0E92507C0E300B02BD3 /* TLabelling.h */,
				18B5D0EA2507C0E300B02BD3 /* TLabelling.m */,
				18B5D0EC2507C3E900B02BD3 /* TTextFieldling.h */,
				18B5D0ED2507C3E900B02BD3 /* TTextFieldling.m */,
				18B5D0EF2507CDEF00B02BD3 /* TTextViewling.h */,
				18B5D0F02507CDEF00B02BD3 /* TTextViewling.m */,
			);
			path = UIKit;
			sourceTree = "<group>";
		};
/* End PBXGroup section */

/* Begin PBXNativeTarget section */
		182620AE24F79AE40006DA86 /* ObjclingDemo */ = {
			isa = PBXNativeTarget;
			buildConfigurationList = 182620C824F79AEA0006DA86 /* Build configuration list for PBXNativeTarget "ObjclingDemo" */;
			buildPhases = (
				182620AB24F79AE40006DA86 /* Sources */,
				182620AC24F79AE40006DA86 /* Frameworks */,
				182620AD24F79AE40006DA86 /* Resources */,
			);
			buildRules = (
			);
			dependencies = (
			);
			name = ObjclingDemo;
			productName = ObjclingDemo;
			productReference = 182620AF24F79AE40006DA86 /* ObjclingDemo.app */;
			productType = "com.apple.product-type.application";
		};
/* End PBXNativeTarget section */

/* Begin PBXProject section */
		182620A724F79AE40006DA86 /* Project object */ = {
			isa = PBXProject;
			attributes = {
				LastUpgradeCheck = 1130;
				ORGANIZATIONNAME = Meterwhite;
				TargetAttributes = {
					182620AE24F79AE40006DA86 = {
						CreatedOnToolsVersion = 11.3.1;
					};
				};
			};
			buildConfigurationList = 182620AA24F79AE40006DA86 /* Build configuration list for PBXProject "ObjclingDemo" */;
			compatibilityVersion = "Xcode 9.3";
			developmentRegion = en;
			hasScannedForEncodings = 0;
			knownRegions = (
				en,
				Base,
			);
			mainGroup = 182620A624F79AE40006DA86;
			productRefGroup = 182620B024F79AE40006DA86 /* Products */;
			projectDirPath = "";
			projectRoot = "";
			targets = (
				182620AE24F79AE40006DA86 /* ObjclingDemo */,
			);
		};
/* End PBXProject section */

/* Begin PBXResourcesBuildPhase section */
		182620AD24F79AE40006DA86 /* Resources */ = {
			isa = PBXResourcesBuildPhase;
			buildActionMask = 2147483647;
			files = (
				182620C224F79AEA0006DA86 /* LaunchScreen.storyboard in Resources */,
				182620BF24F79AEA0006DA86 /* Assets.xcassets in Resources */,
				182620BD24F79AE50006DA86 /* Main.storyboard in Resources */,
			);
			runOnlyForDeploymentPostprocessing = 0;
		};
/* End PBXResourcesBuildPhase section */

/* Begin PBXSourcesBuildPhase section */
		182620AB24F79AE40006DA86 /* Sources */ = {
			isa = PBXSourcesBuildPhase;
			buildActionMask = 2147483647;
			files = (
				18B5D0F12507CDEF00B02BD3 /* TTextViewling.m in Sources */,
				1826210F24F79B130006DA86 /* TDictionaryling.m in Sources */,
				1826211024F79B130006DA86 /* TStringling.m in Sources */,
				1826210E24F79B130006DA86 /* TObjectling_log.m in Sources */,
				1826211124F79B130006DA86 /* TArrayling.m in Sources */,
				18BF6107250F130000800A3A /* TObjectling_appendtoAt.m in Sources */,
				181DABC424FAC47400C21E42 /* TlingNotifiedINAction.m in Sources */,
				18B5D0E82507872200B02BD3 /* TImageViewling.m in Sources */,
				1826211224F79B130006DA86 /* TObjectling.m in Sources */,
				1826210D24F79B130006DA86 /* TObjectling_moreN.m in Sources */,
				1826210924F79B130006DA86 /* ObjclingRuntime.m in Sources */,
				182620BA24F79AE50006DA86 /* ViewController.m in Sources */,
				18A50EB2250BD96B00EDEF85 /* TObjectling_moreAt.m in Sources */,
				181DABD324FB469C00C21E42 /* TlingAsserttByAction.m in Sources */,
				18B5D0F72507D7FC00B02BD3 /* TPredicateling.m in Sources */,
				182620B424F79AE50006DA86 /* AppDelegate.m in Sources */,
				1826211624F79B130006DA86 /* TValueling.m in Sources */,
				1826210524F79B130006DA86 /* DynamilingInfo.m in Sources */,
				181DABCD24FB464B00C21E42 /* TlingBranchINAction.m in Sources */,
				181DABD024FB468800C21E42 /* TlingAsserttINAction.m in Sources */,
				18B5D0EE2507C3E900B02BD3 /* TTextFieldling.m in Sources */,
				18D9D0622500EFEA00E14BA8 /* TlingStopWhileAction.m in Sources */,
				1826210824F79B130006DA86 /* NSObject+Objcling.m in Sources */,
				18B5D0F42507D41300B02BD3 /* TColorling.m in Sources */,
				181DABCA24FB460700C21E42 /* TlingThrowingAction.m in Sources */,
				182620C524F79AEA0006DA86 /* main.m in Sources */,
				1826210324F79B130006DA86 /* TlingErr.m in Sources */,
				18B5D0EB2507C0E300B02BD3 /* TLabelling.m in Sources */,
				18A50EB5250BDCC900EDEF85 /* TObjectling_appendto.m in Sources */,
				186500152509D88F0081FE8E /* TDynamiling.m in Sources */,
				1826210C24F79B130006DA86 /* TObjectling_more.m in Sources */,
				1826210624F79B130006DA86 /* Aling.m in Sources */,
				18B5D0E5250775A700B02BD3 /* TURLling.m in Sources */,
				1826211324F79B130006DA86 /* TViewling.m in Sources */,
				1826211524F79B130006DA86 /* TNumberling.m in Sources */,
				1826210724F79B130006DA86 /* Tling.m in Sources */,
				1882290E24F89668007213D8 /* AlingStopAction.m in Sources */,
				1826210424F79B130006DA86 /* TlingListener.m in Sources */,
				18BF610A250F406100800A3A /* TObjectling_lessN.m in Sources */,
				181DABC724FB45EA00C21E42 /* TlingTryingAction.m in Sources */,
				1826210B24F79B130006DA86 /* AlingAction.m in Sources */,
				1826211424F79B130006DA86 /* TButtonling.m in Sources */,
				182620B724F79AE50006DA86 /* SceneDelegate.m in Sources */,
			);
			runOnlyForDeploymentPostprocessing = 0;
		};
/* End PBXSourcesBuildPhase section */

/* Begin PBXVariantGroup section */
		182620BB24F79AE50006DA86 /* Main.storyboard */ = {
			isa = PBXVariantGroup;
			children = (
				182620BC24F79AE50006DA86 /* Base */,
			);
			name = Main.storyboard;
			sourceTree = "<group>";
		};
		182620C024F79AEA0006DA86 /* LaunchScreen.storyboard */ = {
			isa = PBXVariantGroup;
			children = (
				182620C124F79AEA0006DA86 /* Base */,
			);
			name = LaunchScreen.storyboard;
			sourceTree = "<group>";
		};
/* End PBXVariantGroup section */

/* Begin XCBuildConfiguration section */
		182620C624F79AEA0006DA86 /* Debug */ = {
			isa = XCBuildConfiguration;
			buildSettings = {
				ALWAYS_SEARCH_USER_PATHS = NO;
				CLANG_ANALYZER_NONNULL = YES;
				CLANG_ANALYZER_NUMBER_OBJECT_CONVERSION = YES_AGGRESSIVE;
				CLANG_CXX_LANGUAGE_STANDARD = "gnu++14";
				CLANG_CXX_LIBRARY = "libc++";
				CLANG_ENABLE_MODULES = YES;
				CLANG_ENABLE_OBJC_ARC = YES;
				CLANG_ENABLE_OBJC_WEAK = YES;
				CLANG_WARN_BLOCK_CAPTURE_AUTORELEASING = YES;
				CLANG_WARN_BOOL_CONVERSION = YES;
				CLANG_WARN_COMMA = YES;
				CLANG_WARN_CONSTANT_CONVERSION = YES;
				CLANG_WARN_DEPRECATED_OBJC_IMPLEMENTATIONS = YES;
				CLANG_WARN_DIRECT_OBJC_ISA_USAGE = YES_ERROR;
				CLANG_WARN_DOCUMENTATION_COMMENTS = YES;
				CLANG_WARN_EMPTY_BODY = YES;
				CLANG_WARN_ENUM_CONVERSION = YES;
				CLANG_WARN_INFINITE_RECURSION = YES;
				CLANG_WARN_INT_CONVERSION = YES;
				CLANG_WARN_NON_LITERAL_NULL_CONVERSION = YES;
				CLANG_WARN_OBJC_IMPLICIT_RETAIN_SELF = YES;
				CLANG_WARN_OBJC_LITERAL_CONVERSION = YES;
				CLANG_WARN_OBJC_ROOT_CLASS = YES_ERROR;
				CLANG_WARN_RANGE_LOOP_ANALYSIS = YES;
				CLANG_WARN_STRICT_PROTOTYPES = YES;
				CLANG_WARN_SUSPICIOUS_MOVE = YES;
				CLANG_WARN_UNGUARDED_AVAILABILITY = YES_AGGRESSIVE;
				CLANG_WARN_UNREACHABLE_CODE = YES;
				CLANG_WARN__DUPLICATE_METHOD_MATCH = YES;
				COPY_PHASE_STRIP = NO;
				DEBUG_INFORMATION_FORMAT = dwarf;
				ENABLE_STRICT_OBJC_MSGSEND = YES;
				ENABLE_TESTABILITY = YES;
				GCC_C_LANGUAGE_STANDARD = gnu11;
				GCC_DYNAMIC_NO_PIC = NO;
				GCC_NO_COMMON_BLOCKS = YES;
				GCC_OPTIMIZATION_LEVEL = 0;
				GCC_PREPROCESSOR_DEFINITIONS = (
					"DEBUG=1",
					"$(inherited)",
				);
				GCC_WARN_64_TO_32_BIT_CONVERSION = YES;
				GCC_WARN_ABOUT_RETURN_TYPE = YES_ERROR;
				GCC_WARN_UNDECLARED_SELECTOR = YES;
				GCC_WARN_UNINITIALIZED_AUTOS = YES_AGGRESSIVE;
				GCC_WARN_UNUSED_FUNCTION = YES;
				GCC_WARN_UNUSED_VARIABLE = YES;
				IPHONEOS_DEPLOYMENT_TARGET = 11.3;
				MTL_ENABLE_DEBUG_INFO = INCLUDE_SOURCE;
				MTL_FAST_MATH = YES;
				ONLY_ACTIVE_ARCH = YES;
				SDKROOT = iphoneos;
			};
			name = Debug;
		};
		182620C724F79AEA0006DA86 /* Release */ = {
			isa = XCBuildConfiguration;
			buildSettings = {
				ALWAYS_SEARCH_USER_PATHS = NO;
				CLANG_ANALYZER_NONNULL = YES;
				CLANG_ANALYZER_NUMBER_OBJECT_CONVERSION = YES_AGGRESSIVE;
				CLANG_CXX_LANGUAGE_STANDARD = "gnu++14";
				CLANG_CXX_LIBRARY = "libc++";
				CLANG_ENABLE_MODULES = YES;
				CLANG_ENABLE_OBJC_ARC = YES;
				CLANG_ENABLE_OBJC_WEAK = YES;
				CLANG_WARN_BLOCK_CAPTURE_AUTORELEASING = YES;
				CLANG_WARN_BOOL_CONVERSION = YES;
				CLANG_WARN_COMMA = YES;
				CLANG_WARN_CONSTANT_CONVERSION = YES;
				CLANG_WARN_DEPRECATED_OBJC_IMPLEMENTATIONS = YES;
				CLANG_WARN_DIRECT_OBJC_ISA_USAGE = YES_ERROR;
				CLANG_WARN_DOCUMENTATION_COMMENTS = YES;
				CLANG_WARN_EMPTY_BODY = YES;
				CLANG_WARN_ENUM_CONVERSION = YES;
				CLANG_WARN_INFINITE_RECURSION = YES;
				CLANG_WARN_INT_CONVERSION = YES;
				CLANG_WARN_NON_LITERAL_NULL_CONVERSION = YES;
				CLANG_WARN_OBJC_IMPLICIT_RETAIN_SELF = YES;
				CLANG_WARN_OBJC_LITERAL_CONVERSION = YES;
				CLANG_WARN_OBJC_ROOT_CLASS = YES_ERROR;
				CLANG_WARN_RANGE_LOOP_ANALYSIS = YES;
				CLANG_WARN_STRICT_PROTOTYPES = YES;
				CLANG_WARN_SUSPICIOUS_MOVE = YES;
				CLANG_WARN_UNGUARDED_AVAILABILITY = YES_AGGRESSIVE;
				CLANG_WARN_UNREACHABLE_CODE = YES;
				CLANG_WARN__DUPLICATE_METHOD_MATCH = YES;
				COPY_PHASE_STRIP = NO;
				DEBUG_INFORMATION_FORMAT = "dwarf-with-dsym";
				ENABLE_NS_ASSERTIONS = NO;
				ENABLE_STRICT_OBJC_MSGSEND = YES;
				GCC_C_LANGUAGE_STANDARD = gnu11;
				GCC_NO_COMMON_BLOCKS = YES;
				GCC_WARN_64_TO_32_BIT_CONVERSION = YES;
				GCC_WARN_ABOUT_RETURN_TYPE = YES_ERROR;
				GCC_WARN_UNDECLARED_SELECTOR = YES;
				GCC_WARN_UNINITIALIZED_AUTOS = YES_AGGRESSIVE;
				GCC_WARN_UNUSED_FUNCTION = YES;
				GCC_WARN_UNUSED_VARIABLE = YES;
				IPHONEOS_DEPLOYMENT_TARGET = 11.3;
				MTL_ENABLE_DEBUG_INFO = NO;
				MTL_FAST_MATH = YES;
				SDKROOT = iphoneos;
				VALIDATE_PRODUCT = YES;
			};
			name = Release;
		};
		182620C924F79AEA0006DA86 /* Debug */ = {
			isa = XCBuildConfiguration;
			buildSettings = {
				ASSETCATALOG_COMPILER_APPICON_NAME = AppIcon;
				CODE_SIGN_STYLE = Automatic;
				INFOPLIST_FILE = ObjclingDemo/Info.plist;
				LD_RUNPATH_SEARCH_PATHS = (
					"$(inherited)",
					"@executable_path/Frameworks",
				);
				PRODUCT_BUNDLE_IDENTIFIER = com.git.Objcling.ObjclingDemo;
				PRODUCT_NAME = "$(TARGET_NAME)";
				TARGETED_DEVICE_FAMILY = "1,2";
			};
			name = Debug;
		};
		182620CA24F79AEA0006DA86 /* Release */ = {
			isa = XCBuildConfiguration;
			buildSettings = {
				ASSETCATALOG_COMPILER_APPICON_NAME = AppIcon;
				CODE_SIGN_STYLE = Automatic;
				INFOPLIST_FILE = ObjclingDemo/Info.plist;
				LD_RUNPATH_SEARCH_PATHS = (
					"$(inherited)",
					"@executable_path/Frameworks",
				);
				PRODUCT_BUNDLE_IDENTIFIER = com.git.Objcling.ObjclingDemo;
				PRODUCT_NAME = "$(TARGET_NAME)";
				TARGETED_DEVICE_FAMILY = "1,2";
			};
			name = Release;
		};
/* End XCBuildConfiguration section */

/* Begin XCConfigurationList section */
		182620AA24F79AE40006DA86 /* Build configuration list for PBXProject "ObjclingDemo" */ = {
			isa = XCConfigurationList;
			buildConfigurations = (
				182620C624F79AEA0006DA86 /* Debug */,
				182620C724F79AEA0006DA86 /* Release */,
			);
			defaultConfigurationIsVisible = 0;
			defaultConfigurationName = Release;
		};
		182620C824F79AEA0006DA86 /* Build configuration list for PBXNativeTarget "ObjclingDemo" */ = {
			isa = XCConfigurationList;
			buildConfigurations = (
				182620C924F79AEA0006DA86 /* Debug */,
				182620CA24F79AEA0006DA86 /* Release */,
			);
			defaultConfigurationIsVisible = 0;
			defaultConfigurationName = Release;
		};
/* End XCConfigurationList section */
	};
	rootObject = 182620A724F79AE40006DA86 /* Project object */;
}
