// !$*UTF8*$!
{
	archiveVersion = 1;
	classes = {
	};
	objectVersion = 46;
	objects = {

/* Begin PBXBuildFile section */
		4503466B1EC04B4500F6066A /* UISearchBar+LinkBlock.m in Sources */ = {isa = PBXBuildFile; fileRef = 4503466A1EC04B4500F6066A /* UISearchBar+LinkBlock.m */; };
		450856C21D62B3230015E24A /* UITextView+LinkBlock.m in Sources */ = {isa = PBXBuildFile; fileRef = 450856C11D62B3230015E24A /* UITextView+LinkBlock.m */; };
		452047671CED65310092ED18 /* CAShapeLayer+LinkBlock.m in Sources */ = {isa = PBXBuildFile; fileRef = 452047661CED65310092ED18 /* CAShapeLayer+LinkBlock.m */; };
		4520476A1CEDB8D30092ED18 /* CALayer+LinkBlock.m in Sources */ = {isa = PBXBuildFile; fileRef = 452047691CEDB8D30092ED18 /* CALayer+LinkBlock.m */; };
		4528C60C1D1A5D3C00B35C97 /* UIWebView+LinkBlock.m in Sources */ = {isa = PBXBuildFile; fileRef = 4528C60B1D1A5D3C00B35C97 /* UIWebView+LinkBlock.m */; };
		453AFBC91D6EFB4E00012095 /* Man.m in Sources */ = {isa = PBXBuildFile; fileRef = 453AFBC61D6EFB4E00012095 /* Man.m */; };
		453AFBCA1D6EFB4E00012095 /* Person.m in Sources */ = {isa = PBXBuildFile; fileRef = 453AFBC81D6EFB4E00012095 /* Person.m */; };
		453ED88D1D86B47F00B4A4C4 /* NSError+LinkBlock.m in Sources */ = {isa = PBXBuildFile; fileRef = 453ED88C1D86B47F00B4A4C4 /* NSError+LinkBlock.m */; };
		4540E41F1EB034A100AC87F1 /* CAAnimations+LinkBlock.m in Sources */ = {isa = PBXBuildFile; fileRef = 4540E41E1EB034A100AC87F1 /* CAAnimations+LinkBlock.m */; };
		454A9E301FE26D8800CEE102 /* LinkHelper.m in Sources */ = {isa = PBXBuildFile; fileRef = 454A9E2F1FE26D8700CEE102 /* LinkHelper.m */; };
		454A9E341FE3B95600CEE102 /* DynamicLinkArgument.m in Sources */ = {isa = PBXBuildFile; fileRef = 454A9E331FE3B95600CEE102 /* DynamicLinkArgument.m */; };
		454A9E371FE3BB3400CEE102 /* DynamicLinkAction.m in Sources */ = {isa = PBXBuildFile; fileRef = 454A9E361FE3BB3400CEE102 /* DynamicLinkAction.m */; };
		454A9E3A1FE3BC1A00CEE102 /* DynamicLink.m in Sources */ = {isa = PBXBuildFile; fileRef = 454A9E391FE3BC1A00CEE102 /* DynamicLink.m */; };
		455595C31FF4DEB400C88FB7 /* NSBlackHole.m in Sources */ = {isa = PBXBuildFile; fileRef = 455595C11FF4DEB400C88FB7 /* NSBlackHole.m */; };
		4559E86A1D952B580034D221 /* LinkReturn.m in Sources */ = {isa = PBXBuildFile; fileRef = 4559E8691D952B580034D221 /* LinkReturn.m */; };
		455FE5F420DA385F001C2CF4 /* NSLayoutConstraint+LinkBlock.m in Sources */ = {isa = PBXBuildFile; fileRef = 455FE5F320DA385F001C2CF4 /* NSLayoutConstraint+LinkBlock.m */; };
		458AD6001D193BDC00D5B931 /* JSContext+LinkBlock.m in Sources */ = {isa = PBXBuildFile; fileRef = 458AD5FD1D193BDC00D5B931 /* JSContext+LinkBlock.m */; };
		458AD6011D193BDC00D5B931 /* JSValue+LinkBlock.m in Sources */ = {isa = PBXBuildFile; fileRef = 458AD5FF1D193BDC00D5B931 /* JSValue+LinkBlock.m */; };
		458AD6041D194D9200D5B931 /* JSManagedValue+LinkBlock.m in Sources */ = {isa = PBXBuildFile; fileRef = 458AD6031D194D9200D5B931 /* JSManagedValue+LinkBlock.m */; };
		459388C11D9BCB6600F3DA61 /* UITableView+LinkBlock.m in Sources */ = {isa = PBXBuildFile; fileRef = 459388C01D9BCB6600F3DA61 /* UITableView+LinkBlock.m */; };
		45A364A921EDC3FF00105E9E /* UIStackView+LinkBlock.m in Sources */ = {isa = PBXBuildFile; fileRef = 45A364A821EDC3FF00105E9E /* UIStackView+LinkBlock.m */; };
		45BFEBEA1D34F186007B83B5 /* LinkInfo.m in Sources */ = {isa = PBXBuildFile; fileRef = 45BFEBE91D34F186007B83B5 /* LinkInfo.m */; };
		45BFEBED1D34F225007B83B5 /* LinkGroup.m in Sources */ = {isa = PBXBuildFile; fileRef = 45BFEBEC1D34F225007B83B5 /* LinkGroup.m */; };
		45BFEBF01D34F728007B83B5 /* LinkError.m in Sources */ = {isa = PBXBuildFile; fileRef = 45BFEBEF1D34F728007B83B5 /* LinkError.m */; };
		45C239BF1FDA943E00E08D01 /* NSIndexPath+LinkBlock.m in Sources */ = {isa = PBXBuildFile; fileRef = 45C239BE1FDA943E00E08D01 /* NSIndexPath+LinkBlock.m */; };
		45D7816B2178340C00E8F53E /* LinkObject.m in Sources */ = {isa = PBXBuildFile; fileRef = 45D7816A2178340C00E8F53E /* LinkObject.m */; };
		45DEF2C51CEB0B950000E453 /* UIBezierPath+LinkBlock.m in Sources */ = {isa = PBXBuildFile; fileRef = 45DEF2C41CEB0B950000E453 /* UIBezierPath+LinkBlock.m */; };
		45EB72F41FAAC793004984E0 /* UIFont+LinkBlock.m in Sources */ = {isa = PBXBuildFile; fileRef = 45EB72F31FAAC793004984E0 /* UIFont+LinkBlock.m */; };
		45F5CFB121F6EF7800FF903E /* UITableViewCell+LinkBlock.m in Sources */ = {isa = PBXBuildFile; fileRef = 45F5CFB021F6EF7800FF903E /* UITableViewCell+LinkBlock.m */; };
		9F6508821FE59C2E0039BA9E /* LinkBlockInvocation.m in Sources */ = {isa = PBXBuildFile; fileRef = 9F6508811FE59C2E0039BA9E /* LinkBlockInvocation.m */; };
		9F8D65DD1FF1601700EBDE5A /* LinkPropertyInvocation.m in Sources */ = {isa = PBXBuildFile; fileRef = 9F8D65DC1FF1601700EBDE5A /* LinkPropertyInvocation.m */; };
		9FBD17371BDB91D500C2F402 /* NSArray+LinkBlock.m in Sources */ = {isa = PBXBuildFile; fileRef = 9FBD17081BDB91D500C2F402 /* NSArray+LinkBlock.m */; };
		9FBD17381BDB91D500C2F402 /* NSAttributedString+LinkBlock.m in Sources */ = {isa = PBXBuildFile; fileRef = 9FBD170A1BDB91D500C2F402 /* NSAttributedString+LinkBlock.m */; };
		9FBD17391BDB91D500C2F402 /* NSDate+LinkBlock.m in Sources */ = {isa = PBXBuildFile; fileRef = 9FBD170C1BDB91D500C2F402 /* NSDate+LinkBlock.m */; };
		9FBD173A1BDB91D500C2F402 /* NSDictionary+LinkBlock.m in Sources */ = {isa = PBXBuildFile; fileRef = 9FBD170E1BDB91D500C2F402 /* NSDictionary+LinkBlock.m */; };
		9FBD173B1BDB91D500C2F402 /* NSMutableArray+LinkBlock.m in Sources */ = {isa = PBXBuildFile; fileRef = 9FBD17101BDB91D500C2F402 /* NSMutableArray+LinkBlock.m */; };
		9FBD173C1BDB91D500C2F402 /* NSMutableAttributedString+LinkBlock.m in Sources */ = {isa = PBXBuildFile; fileRef = 9FBD17121BDB91D500C2F402 /* NSMutableAttributedString+LinkBlock.m */; };
		9FBD173D1BDB91D500C2F402 /* NSMutableDictionary+LinkBlock.m in Sources */ = {isa = PBXBuildFile; fileRef = 9FBD17141BDB91D500C2F402 /* NSMutableDictionary+LinkBlock.m */; };
		9FBD173E1BDB91D500C2F402 /* NSMutableString+LinkBlock.m in Sources */ = {isa = PBXBuildFile; fileRef = 9FBD17161BDB91D500C2F402 /* NSMutableString+LinkBlock.m */; };
		9FBD173F1BDB91D500C2F402 /* NSNumber+LinkBlock.m in Sources */ = {isa = PBXBuildFile; fileRef = 9FBD17181BDB91D500C2F402 /* NSNumber+LinkBlock.m */; };
		9FBD17401BDB91D500C2F402 /* NSObject+LinkBlock.m in Sources */ = {isa = PBXBuildFile; fileRef = 9FBD171A1BDB91D500C2F402 /* NSObject+LinkBlock.m */; };
		9FBD17411BDB91D500C2F402 /* NSString+LinkBlock.m in Sources */ = {isa = PBXBuildFile; fileRef = 9FBD171C1BDB91D500C2F402 /* NSString+LinkBlock.m */; };
		9FBD17421BDB91D500C2F402 /* NSURL+LinkBlock.m in Sources */ = {isa = PBXBuildFile; fileRef = 9FBD171E1BDB91D500C2F402 /* NSURL+LinkBlock.m */; };
		9FBD17431BDB91D500C2F402 /* NSValue+LinkBlock.m in Sources */ = {isa = PBXBuildFile; fileRef = 9FBD17201BDB91D500C2F402 /* NSValue+LinkBlock.m */; };
		9FBD17451BDB91D500C2F402 /* UIButton+LinkBlock.m in Sources */ = {isa = PBXBuildFile; fileRef = 9FBD17261BDB91D500C2F402 /* UIButton+LinkBlock.m */; };
		9FBD17461BDB91D500C2F402 /* UIColor+LinkBlock.m in Sources */ = {isa = PBXBuildFile; fileRef = 9FBD17281BDB91D500C2F402 /* UIColor+LinkBlock.m */; };
		9FBD17471BDB91D500C2F402 /* UIControl+LinkBlock.m in Sources */ = {isa = PBXBuildFile; fileRef = 9FBD172A1BDB91D500C2F402 /* UIControl+LinkBlock.m */; };
		9FBD17481BDB91D500C2F402 /* UIImage+LinkBlock.m in Sources */ = {isa = PBXBuildFile; fileRef = 9FBD172C1BDB91D500C2F402 /* UIImage+LinkBlock.m */; };
		9FBD17491BDB91D500C2F402 /* UIImageView+LinkBlock.m in Sources */ = {isa = PBXBuildFile; fileRef = 9FBD172E1BDB91D500C2F402 /* UIImageView+LinkBlock.m */; };
		9FBD174A1BDB91D500C2F402 /* UILabel+LinkBlock.m in Sources */ = {isa = PBXBuildFile; fileRef = 9FBD17301BDB91D500C2F402 /* UILabel+LinkBlock.m */; };
		9FBD174B1BDB91D500C2F402 /* UIScrollView+LinkBlock.m in Sources */ = {isa = PBXBuildFile; fileRef = 9FBD17321BDB91D500C2F402 /* UIScrollView+LinkBlock.m */; };
		9FBD174C1BDB91D500C2F402 /* UIView+LinkBlock.m in Sources */ = {isa = PBXBuildFile; fileRef = 9FBD17341BDB91D500C2F402 /* UIView+LinkBlock.m */; };
		9FBD174D1BDB91D500C2F402 /* UIViewController+LinkBlock.m in Sources */ = {isa = PBXBuildFile; fileRef = 9FBD17361BDB91D500C2F402 /* UIViewController+LinkBlock.m */; };
		9FC85931216CFDAD00B5FFB5 /* NSPredicate+LinkBlock.m in Sources */ = {isa = PBXBuildFile; fileRef = 9FC85930216CFDAD00B5FFB5 /* NSPredicate+LinkBlock.m */; };
		9FF373EA1D9ED3F300E5AAEA /* Others+LinkBlock.m in Sources */ = {isa = PBXBuildFile; fileRef = 9FF373E91D9ED3F300E5AAEA /* Others+LinkBlock.m */; };
		9FFDA2121B835E2F0044097D /* main.m in Sources */ = {isa = PBXBuildFile; fileRef = 9FFDA2111B835E2F0044097D /* main.m */; };
		9FFDA2151B835E2F0044097D /* AppDelegate.m in Sources */ = {isa = PBXBuildFile; fileRef = 9FFDA2141B835E2F0044097D /* AppDelegate.m */; };
		9FFDA2181B835E2F0044097D /* ViewController.m in Sources */ = {isa = PBXBuildFile; fileRef = 9FFDA2171B835E2F0044097D /* ViewController.m */; };
		9FFDA21B1B835E2F0044097D /* Main.storyboard in Resources */ = {isa = PBXBuildFile; fileRef = 9FFDA2191B835E2F0044097D /* Main.storyboard */; };
		9FFDA21D1B835E2F0044097D /* Images.xcassets in Resources */ = {isa = PBXBuildFile; fileRef = 9FFDA21C1B835E2F0044097D /* Images.xcassets */; };
		9FFDA2201B835E2F0044097D /* LaunchScreen.xib in Resources */ = {isa = PBXBuildFile; fileRef = 9FFDA21E1B835E2F0044097D /* LaunchScreen.xib */; };
		9FFDA22C1B835E2F0044097D /* LinkBlockProgramTests.m in Sources */ = {isa = PBXBuildFile; fileRef = 9FFDA22B1B835E2F0044097D /* LinkBlockProgramTests.m */; };
		EEEF93381C5B5C0900A9ADBF /* UITextField+LinkBlock.m in Sources */ = {isa = PBXBuildFile; fileRef = EEEF93371C5B5C0900A9ADBF /* UITextField+LinkBlock.m */; };
/* End PBXBuildFile section */

/* Begin PBXContainerItemProxy section */
		9FFDA2261B835E2F0044097D /* PBXContainerItemProxy */ = {
			isa = PBXContainerItemProxy;
			containerPortal = 9FFDA2041B835E2F0044097D /* Project object */;
			proxyType = 1;
			remoteGlobalIDString = 9FFDA20B1B835E2F0044097D;
			remoteInfo = LinkBlockProgram;
		};
/* End PBXContainerItemProxy section */

/* Begin PBXFileReference section */
		450346691EC04B4500F6066A /* UISearchBar+LinkBlock.h */ = {isa = PBXFileReference; fileEncoding = 4; lastKnownFileType = sourcecode.c.h; path = "UISearchBar+LinkBlock.h"; sourceTree = "<group>"; };
		4503466A1EC04B4500F6066A /* UISearchBar+LinkBlock.m */ = {isa = PBXFileReference; fileEncoding = 4; lastKnownFileType = sourcecode.c.objc; path = "UISearchBar+LinkBlock.m"; sourceTree = "<group>"; };
		450856C01D62B3230015E24A /* UITextView+LinkBlock.h */ = {isa = PBXFileReference; fileEncoding = 4; lastKnownFileType = sourcecode.c.h; lineEnding = 0; path = "UITextView+LinkBlock.h"; sourceTree = "<group>"; xcLanguageSpecificationIdentifier = xcode.lang.objcpp; };
		450856C11D62B3230015E24A /* UITextView+LinkBlock.m */ = {isa = PBXFileReference; fileEncoding = 4; lastKnownFileType = sourcecode.c.objc; path = "UITextView+LinkBlock.m"; sourceTree = "<group>"; };
		452047651CED65310092ED18 /* CAShapeLayer+LinkBlock.h */ = {isa = PBXFileReference; fileEncoding = 4; lastKnownFileType = sourcecode.c.h; lineEnding = 0; path = "CAShapeLayer+LinkBlock.h"; sourceTree = "<group>"; xcLanguageSpecificationIdentifier = xcode.lang.objcpp; };
		452047661CED65310092ED18 /* CAShapeLayer+LinkBlock.m */ = {isa = PBXFileReference; fileEncoding = 4; lastKnownFileType = sourcecode.c.objc; lineEnding = 0; path = "CAShapeLayer+LinkBlock.m"; sourceTree = "<group>"; xcLanguageSpecificationIdentifier = xcode.lang.objc; };
		452047681CEDB8D30092ED18 /* CALayer+LinkBlock.h */ = {isa = PBXFileReference; fileEncoding = 4; lastKnownFileType = sourcecode.c.h; lineEnding = 0; path = "CALayer+LinkBlock.h"; sourceTree = "<group>"; xcLanguageSpecificationIdentifier = xcode.lang.objcpp; };
		452047691CEDB8D30092ED18 /* CALayer+LinkBlock.m */ = {isa = PBXFileReference; fileEncoding = 4; lastKnownFileType = sourcecode.c.objc; lineEnding = 0; path = "CALayer+LinkBlock.m"; sourceTree = "<group>"; xcLanguageSpecificationIdentifier = xcode.lang.objc; };
		4528C60A1D1A5D3C00B35C97 /* UIWebView+LinkBlock.h */ = {isa = PBXFileReference; fileEncoding = 4; lastKnownFileType = sourcecode.c.h; lineEnding = 0; path = "UIWebView+LinkBlock.h"; sourceTree = "<group>"; xcLanguageSpecificationIdentifier = xcode.lang.objcpp; };
		4528C60B1D1A5D3C00B35C97 /* UIWebView+LinkBlock.m */ = {isa = PBXFileReference; fileEncoding = 4; lastKnownFileType = sourcecode.c.objc; path = "UIWebView+LinkBlock.m"; sourceTree = "<group>"; };
		453AFBC51D6EFB4E00012095 /* Man.h */ = {isa = PBXFileReference; fileEncoding = 4; lastKnownFileType = sourcecode.c.h; path = Man.h; sourceTree = "<group>"; };
		453AFBC61D6EFB4E00012095 /* Man.m */ = {isa = PBXFileReference; fileEncoding = 4; lastKnownFileType = sourcecode.c.objc; path = Man.m; sourceTree = "<group>"; };
		453AFBC71D6EFB4E00012095 /* Person.h */ = {isa = PBXFileReference; fileEncoding = 4; lastKnownFileType = sourcecode.c.h; path = Person.h; sourceTree = "<group>"; };
		453AFBC81D6EFB4E00012095 /* Person.m */ = {isa = PBXFileReference; fileEncoding = 4; lastKnownFileType = sourcecode.c.objc; path = Person.m; sourceTree = "<group>"; };
		453ED88B1D86B47F00B4A4C4 /* NSError+LinkBlock.h */ = {isa = PBXFileReference; fileEncoding = 4; lastKnownFileType = sourcecode.c.h; path = "NSError+LinkBlock.h"; sourceTree = "<group>"; };
		453ED88C1D86B47F00B4A4C4 /* NSError+LinkBlock.m */ = {isa = PBXFileReference; fileEncoding = 4; lastKnownFileType = sourcecode.c.objc; path = "NSError+LinkBlock.m"; sourceTree = "<group>"; };
		4540E41D1EB034A100AC87F1 /* CAAnimations+LinkBlock.h */ = {isa = PBXFileReference; fileEncoding = 4; lastKnownFileType = sourcecode.c.h; path = "CAAnimations+LinkBlock.h"; sourceTree = "<group>"; };
		4540E41E1EB034A100AC87F1 /* CAAnimations+LinkBlock.m */ = {isa = PBXFileReference; fileEncoding = 4; lastKnownFileType = sourcecode.c.objc; path = "CAAnimations+LinkBlock.m"; sourceTree = "<group>"; };
		454A9E2E1FE26D8700CEE102 /* LinkHelper.h */ = {isa = PBXFileReference; fileEncoding = 4; lastKnownFileType = sourcecode.c.h; path = LinkHelper.h; sourceTree = "<group>"; };
		454A9E2F1FE26D8700CEE102 /* LinkHelper.m */ = {isa = PBXFileReference; fileEncoding = 4; lastKnownFileType = sourcecode.c.objc; path = LinkHelper.m; sourceTree = "<group>"; wrapsLines = 1; };
		454A9E321FE3B95600CEE102 /* DynamicLinkArgument.h */ = {isa = PBXFileReference; lastKnownFileType = sourcecode.c.h; path = DynamicLinkArgument.h; sourceTree = "<group>"; };
		454A9E331FE3B95600CEE102 /* DynamicLinkArgument.m */ = {isa = PBXFileReference; lastKnownFileType = sourcecode.c.objc; path = DynamicLinkArgument.m; sourceTree = "<group>"; };
		454A9E351FE3BB3400CEE102 /* DynamicLinkAction.h */ = {isa = PBXFileReference; lastKnownFileType = sourcecode.c.h; path = DynamicLinkAction.h; sourceTree = "<group>"; };
		454A9E361FE3BB3400CEE102 /* DynamicLinkAction.m */ = {isa = PBXFileReference; lastKnownFileType = sourcecode.c.objc; path = DynamicLinkAction.m; sourceTree = "<group>"; };
		454A9E381FE3BC1A00CEE102 /* DynamicLink.h */ = {isa = PBXFileReference; lastKnownFileType = sourcecode.c.h; path = DynamicLink.h; sourceTree = "<group>"; };
		454A9E391FE3BC1A00CEE102 /* DynamicLink.m */ = {isa = PBXFileReference; lastKnownFileType = sourcecode.c.objc; path = DynamicLink.m; sourceTree = "<group>"; };
		455595C01FF4DEB400C88FB7 /* NSNil.h */ = {isa = PBXFileReference; fileEncoding = 4; lastKnownFileType = sourcecode.c.h; path = NSNil.h; sourceTree = "<group>"; };
		455595C11FF4DEB400C88FB7 /* NSBlackHole.m */ = {isa = PBXFileReference; fileEncoding = 4; lastKnownFileType = sourcecode.c.objc; path = NSBlackHole.m; sourceTree = "<group>"; };
		455595C21FF4DEB400C88FB7 /* NSBlackHole.h */ = {isa = PBXFileReference; fileEncoding = 4; lastKnownFileType = sourcecode.c.h; path = NSBlackHole.h; sourceTree = "<group>"; };
		4559E8681D952B580034D221 /* LinkReturn.h */ = {isa = PBXFileReference; fileEncoding = 4; lastKnownFileType = sourcecode.c.h; path = LinkReturn.h; sourceTree = "<group>"; };
		4559E8691D952B580034D221 /* LinkReturn.m */ = {isa = PBXFileReference; fileEncoding = 4; lastKnownFileType = sourcecode.c.objc; path = LinkReturn.m; sourceTree = "<group>"; };
		455FE5F220DA385F001C2CF4 /* NSLayoutConstraint+LinkBlock.h */ = {isa = PBXFileReference; lastKnownFileType = sourcecode.c.h; path = "NSLayoutConstraint+LinkBlock.h"; sourceTree = "<group>"; };
		455FE5F320DA385F001C2CF4 /* NSLayoutConstraint+LinkBlock.m */ = {isa = PBXFileReference; lastKnownFileType = sourcecode.c.objc; path = "NSLayoutConstraint+LinkBlock.m"; sourceTree = "<group>"; };
		456366091E77DD0900C1ABE2 /* LinkBlockDefine.h */ = {isa = PBXFileReference; lastKnownFileType = sourcecode.c.h; lineEnding = 0; path = LinkBlockDefine.h; sourceTree = "<group>"; xcLanguageSpecificationIdentifier = xcode.lang.objcpp; };
		4567BEDC1D20C4C600202871 /* JavaScriptCore+LinkBlock.h */ = {isa = PBXFileReference; lastKnownFileType = sourcecode.c.h; path = "JavaScriptCore+LinkBlock.h"; sourceTree = "<group>"; };
		458AD5FC1D193BDC00D5B931 /* JSContext+LinkBlock.h */ = {isa = PBXFileReference; fileEncoding = 4; lastKnownFileType = sourcecode.c.h; lineEnding = 0; path = "JSContext+LinkBlock.h"; sourceTree = "<group>"; xcLanguageSpecificationIdentifier = xcode.lang.objcpp; };
		458AD5FD1D193BDC00D5B931 /* JSContext+LinkBlock.m */ = {isa = PBXFileReference; fileEncoding = 4; lastKnownFileType = sourcecode.c.objc; lineEnding = 0; path = "JSContext+LinkBlock.m"; sourceTree = "<group>"; xcLanguageSpecificationIdentifier = xcode.lang.objc; };
		458AD5FE1D193BDC00D5B931 /* JSValue+LinkBlock.h */ = {isa = PBXFileReference; fileEncoding = 4; lastKnownFileType = sourcecode.c.h; lineEnding = 0; path = "JSValue+LinkBlock.h"; sourceTree = "<group>"; xcLanguageSpecificationIdentifier = xcode.lang.objcpp; };
		458AD5FF1D193BDC00D5B931 /* JSValue+LinkBlock.m */ = {isa = PBXFileReference; fileEncoding = 4; lastKnownFileType = sourcecode.c.objc; lineEnding = 0; path = "JSValue+LinkBlock.m"; sourceTree = "<group>"; xcLanguageSpecificationIdentifier = xcode.lang.objc; };
		458AD6021D194D9200D5B931 /* JSManagedValue+LinkBlock.h */ = {isa = PBXFileReference; fileEncoding = 4; lastKnownFileType = sourcecode.c.h; lineEnding = 0; path = "JSManagedValue+LinkBlock.h"; sourceTree = "<group>"; xcLanguageSpecificationIdentifier = xcode.lang.objcpp; };
		458AD6031D194D9200D5B931 /* JSManagedValue+LinkBlock.m */ = {isa = PBXFileReference; fileEncoding = 4; lastKnownFileType = sourcecode.c.objc; lineEnding = 0; path = "JSManagedValue+LinkBlock.m"; sourceTree = "<group>"; xcLanguageSpecificationIdentifier = xcode.lang.objc; };
		459388BF1D9BCB6600F3DA61 /* UITableView+LinkBlock.h */ = {isa = PBXFileReference; fileEncoding = 4; lastKnownFileType = sourcecode.c.h; path = "UITableView+LinkBlock.h"; sourceTree = "<group>"; };
		459388C01D9BCB6600F3DA61 /* UITableView+LinkBlock.m */ = {isa = PBXFileReference; fileEncoding = 4; lastKnownFileType = sourcecode.c.objc; path = "UITableView+LinkBlock.m"; sourceTree = "<group>"; };
		45A364A721EDC3FF00105E9E /* UIStackView+LinkBlock.h */ = {isa = PBXFileReference; lastKnownFileType = sourcecode.c.h; path = "UIStackView+LinkBlock.h"; sourceTree = "<group>"; };
		45A364A821EDC3FF00105E9E /* UIStackView+LinkBlock.m */ = {isa = PBXFileReference; lastKnownFileType = sourcecode.c.objc; path = "UIStackView+LinkBlock.m"; sourceTree = "<group>"; };
		45BFEBE81D34F186007B83B5 /* LinkInfo.h */ = {isa = PBXFileReference; fileEncoding = 4; lastKnownFileType = sourcecode.c.h; path = LinkInfo.h; sourceTree = "<group>"; };
		45BFEBE91D34F186007B83B5 /* LinkInfo.m */ = {isa = PBXFileReference; fileEncoding = 4; lastKnownFileType = sourcecode.c.objc; path = LinkInfo.m; sourceTree = "<group>"; };
		45BFEBEB1D34F225007B83B5 /* LinkGroup.h */ = {isa = PBXFileReference; fileEncoding = 4; lastKnownFileType = sourcecode.c.h; path = LinkGroup.h; sourceTree = "<group>"; };
		45BFEBEC1D34F225007B83B5 /* LinkGroup.m */ = {isa = PBXFileReference; fileEncoding = 4; lastKnownFileType = sourcecode.c.objc; path = LinkGroup.m; sourceTree = "<group>"; };
		45BFEBEE1D34F728007B83B5 /* LinkError.h */ = {isa = PBXFileReference; fileEncoding = 4; lastKnownFileType = sourcecode.c.h; path = LinkError.h; sourceTree = "<group>"; };
		45BFEBEF1D34F728007B83B5 /* LinkError.m */ = {isa = PBXFileReference; fileEncoding = 4; lastKnownFileType = sourcecode.c.objc; path = LinkError.m; sourceTree = "<group>"; };
		45C239BD1FDA943E00E08D01 /* NSIndexPath+LinkBlock.h */ = {isa = PBXFileReference; lastKnownFileType = sourcecode.c.h; path = "NSIndexPath+LinkBlock.h"; sourceTree = "<group>"; };
		45C239BE1FDA943E00E08D01 /* NSIndexPath+LinkBlock.m */ = {isa = PBXFileReference; lastKnownFileType = sourcecode.c.objc; path = "NSIndexPath+LinkBlock.m"; sourceTree = "<group>"; };
		45D781692178340C00E8F53E /* LinkObject.h */ = {isa = PBXFileReference; lastKnownFileType = sourcecode.c.h; path = LinkObject.h; sourceTree = "<group>"; };
		45D7816A2178340C00E8F53E /* LinkObject.m */ = {isa = PBXFileReference; lastKnownFileType = sourcecode.c.objc; path = LinkObject.m; sourceTree = "<group>"; };
		45DEF2C31CEB0B950000E453 /* UIBezierPath+LinkBlock.h */ = {isa = PBXFileReference; fileEncoding = 4; lastKnownFileType = sourcecode.c.h; path = "UIBezierPath+LinkBlock.h"; sourceTree = "<group>"; };
		45DEF2C41CEB0B950000E453 /* UIBezierPath+LinkBlock.m */ = {isa = PBXFileReference; fileEncoding = 4; lastKnownFileType = sourcecode.c.objc; lineEnding = 0; path = "UIBezierPath+LinkBlock.m"; sourceTree = "<group>"; xcLanguageSpecificationIdentifier = xcode.lang.objc; };
		45EB72F21FAAC793004984E0 /* UIFont+LinkBlock.h */ = {isa = PBXFileReference; lastKnownFileType = sourcecode.c.h; path = "UIFont+LinkBlock.h"; sourceTree = "<group>"; };
		45EB72F31FAAC793004984E0 /* UIFont+LinkBlock.m */ = {isa = PBXFileReference; lastKnownFileType = sourcecode.c.objc; path = "UIFont+LinkBlock.m"; sourceTree = "<group>"; };
		45F5CFAF21F6EF7800FF903E /* UITableViewCell+LinkBlock.h */ = {isa = PBXFileReference; lastKnownFileType = sourcecode.c.h; path = "UITableViewCell+LinkBlock.h"; sourceTree = "<group>"; };
		45F5CFB021F6EF7800FF903E /* UITableViewCell+LinkBlock.m */ = {isa = PBXFileReference; lastKnownFileType = sourcecode.c.objc; path = "UITableViewCell+LinkBlock.m"; sourceTree = "<group>"; };
		9F6508801FE59C2E0039BA9E /* LinkBlockInvocation.h */ = {isa = PBXFileReference; fileEncoding = 4; lastKnownFileType = sourcecode.c.h; path = LinkBlockInvocation.h; sourceTree = "<group>"; };
		9F6508811FE59C2E0039BA9E /* LinkBlockInvocation.m */ = {isa = PBXFileReference; fileEncoding = 4; lastKnownFileType = sourcecode.c.objc; path = LinkBlockInvocation.m; sourceTree = "<group>"; };
		9F8D65DB1FF1601700EBDE5A /* LinkPropertyInvocation.h */ = {isa = PBXFileReference; lastKnownFileType = sourcecode.c.h; path = LinkPropertyInvocation.h; sourceTree = "<group>"; };
		9F8D65DC1FF1601700EBDE5A /* LinkPropertyInvocation.m */ = {isa = PBXFileReference; lastKnownFileType = sourcecode.c.objc; path = LinkPropertyInvocation.m; sourceTree = "<group>"; };
		9FBD17071BDB91D500C2F402 /* NSArray+LinkBlock.h */ = {isa = PBXFileReference; fileEncoding = 4; lastKnownFileType = sourcecode.c.h; lineEnding = 0; path = "NSArray+LinkBlock.h"; sourceTree = "<group>"; wrapsLines = 1; xcLanguageSpecificationIdentifier = xcode.lang.objcpp; };
		9FBD17081BDB91D500C2F402 /* NSArray+LinkBlock.m */ = {isa = PBXFileReference; fileEncoding = 4; lastKnownFileType = sourcecode.c.objc; lineEnding = 0; path = "NSArray+LinkBlock.m"; sourceTree = "<group>"; wrapsLines = 1; xcLanguageSpecificationIdentifier = xcode.lang.objc; };
		9FBD17091BDB91D500C2F402 /* NSAttributedString+LinkBlock.h */ = {isa = PBXFileReference; fileEncoding = 4; lastKnownFileType = sourcecode.c.h; path = "NSAttributedString+LinkBlock.h"; sourceTree = "<group>"; };
		9FBD170A1BDB91D500C2F402 /* NSAttributedString+LinkBlock.m */ = {isa = PBXFileReference; fileEncoding = 4; lastKnownFileType = sourcecode.c.objc; lineEnding = 0; path = "NSAttributedString+LinkBlock.m"; sourceTree = "<group>"; xcLanguageSpecificationIdentifier = xcode.lang.objc; };
		9FBD170B1BDB91D500C2F402 /* NSDate+LinkBlock.h */ = {isa = PBXFileReference; fileEncoding = 4; lastKnownFileType = sourcecode.c.h; path = "NSDate+LinkBlock.h"; sourceTree = "<group>"; };
		9FBD170C1BDB91D500C2F402 /* NSDate+LinkBlock.m */ = {isa = PBXFileReference; fileEncoding = 4; lastKnownFileType = sourcecode.c.objc; lineEnding = 0; path = "NSDate+LinkBlock.m"; sourceTree = "<group>"; xcLanguageSpecificationIdentifier = xcode.lang.objc; };
		9FBD170D1BDB91D500C2F402 /* NSDictionary+LinkBlock.h */ = {isa = PBXFileReference; fileEncoding = 4; lastKnownFileType = sourcecode.c.h; lineEnding = 0; path = "NSDictionary+LinkBlock.h"; sourceTree = "<group>"; wrapsLines = 1; xcLanguageSpecificationIdentifier = xcode.lang.objcpp; };
		9FBD170E1BDB91D500C2F402 /* NSDictionary+LinkBlock.m */ = {isa = PBXFileReference; fileEncoding = 4; lastKnownFileType = sourcecode.c.objc; lineEnding = 0; path = "NSDictionary+LinkBlock.m"; sourceTree = "<group>"; xcLanguageSpecificationIdentifier = xcode.lang.objc; };
		9FBD170F1BDB91D500C2F402 /* NSMutableArray+LinkBlock.h */ = {isa = PBXFileReference; fileEncoding = 4; lastKnownFileType = sourcecode.c.h; path = "NSMutableArray+LinkBlock.h"; sourceTree = "<group>"; wrapsLines = 1; };
		9FBD17101BDB91D500C2F402 /* NSMutableArray+LinkBlock.m */ = {isa = PBXFileReference; fileEncoding = 4; lastKnownFileType = sourcecode.c.objc; path = "NSMutableArray+LinkBlock.m"; sourceTree = "<group>"; };
		9FBD17111BDB91D500C2F402 /* NSMutableAttributedString+LinkBlock.h */ = {isa = PBXFileReference; fileEncoding = 4; lastKnownFileType = sourcecode.c.h; path = "NSMutableAttributedString+LinkBlock.h"; sourceTree = "<group>"; };
		9FBD17121BDB91D500C2F402 /* NSMutableAttributedString+LinkBlock.m */ = {isa = PBXFileReference; fileEncoding = 4; lastKnownFileType = sourcecode.c.objc; path = "NSMutableAttributedString+LinkBlock.m"; sourceTree = "<group>"; };
		9FBD17131BDB91D500C2F402 /* NSMutableDictionary+LinkBlock.h */ = {isa = PBXFileReference; fileEncoding = 4; lastKnownFileType = sourcecode.c.h; path = "NSMutableDictionary+LinkBlock.h"; sourceTree = "<group>"; };
		9FBD17141BDB91D500C2F402 /* NSMutableDictionary+LinkBlock.m */ = {isa = PBXFileReference; fileEncoding = 4; lastKnownFileType = sourcecode.c.objc; lineEnding = 0; path = "NSMutableDictionary+LinkBlock.m"; sourceTree = "<group>"; xcLanguageSpecificationIdentifier = xcode.lang.objc; };
		9FBD17151BDB91D500C2F402 /* NSMutableString+LinkBlock.h */ = {isa = PBXFileReference; fileEncoding = 4; lastKnownFileType = sourcecode.c.h; path = "NSMutableString+LinkBlock.h"; sourceTree = "<group>"; };
		9FBD17161BDB91D500C2F402 /* NSMutableString+LinkBlock.m */ = {isa = PBXFileReference; fileEncoding = 4; lastKnownFileType = sourcecode.c.objc; lineEnding = 0; path = "NSMutableString+LinkBlock.m"; sourceTree = "<group>"; xcLanguageSpecificationIdentifier = xcode.lang.objc; };
		9FBD17171BDB91D500C2F402 /* NSNumber+LinkBlock.h */ = {isa = PBXFileReference; fileEncoding = 4; lastKnownFileType = sourcecode.c.h; path = "NSNumber+LinkBlock.h"; sourceTree = "<group>"; };
		9FBD17181BDB91D500C2F402 /* NSNumber+LinkBlock.m */ = {isa = PBXFileReference; fileEncoding = 4; lastKnownFileType = sourcecode.c.objc; lineEnding = 0; path = "NSNumber+LinkBlock.m"; sourceTree = "<group>"; xcLanguageSpecificationIdentifier = xcode.lang.objc; };
		9FBD17191BDB91D500C2F402 /* NSObject+LinkBlock.h */ = {isa = PBXFileReference; fileEncoding = 4; lastKnownFileType = sourcecode.c.h; lineEnding = 0; path = "NSObject+LinkBlock.h"; sourceTree = "<group>"; xcLanguageSpecificationIdentifier = xcode.lang.objcpp; };
		9FBD171A1BDB91D500C2F402 /* NSObject+LinkBlock.m */ = {isa = PBXFileReference; fileEncoding = 4; lastKnownFileType = sourcecode.c.objc; lineEnding = 0; path = "NSObject+LinkBlock.m"; sourceTree = "<group>"; wrapsLines = 1; xcLanguageSpecificationIdentifier = xcode.lang.objc; };
		9FBD171B1BDB91D500C2F402 /* NSString+LinkBlock.h */ = {isa = PBXFileReference; fileEncoding = 4; lastKnownFileType = sourcecode.c.h; path = "NSString+LinkBlock.h"; sourceTree = "<group>"; };
		9FBD171C1BDB91D500C2F402 /* NSString+LinkBlock.m */ = {isa = PBXFileReference; fileEncoding = 4; lastKnownFileType = sourcecode.c.objc; lineEnding = 0; path = "NSString+LinkBlock.m"; sourceTree = "<group>"; xcLanguageSpecificationIdentifier = xcode.lang.objc; };
		9FBD171D1BDB91D500C2F402 /* NSURL+LinkBlock.h */ = {isa = PBXFileReference; fileEncoding = 4; lastKnownFileType = sourcecode.c.h; path = "NSURL+LinkBlock.h"; sourceTree = "<group>"; };
		9FBD171E1BDB91D500C2F402 /* NSURL+LinkBlock.m */ = {isa = PBXFileReference; fileEncoding = 4; lastKnownFileType = sourcecode.c.objc; lineEnding = 0; path = "NSURL+LinkBlock.m"; sourceTree = "<group>"; xcLanguageSpecificationIdentifier = xcode.lang.objc; };
		9FBD171F1BDB91D500C2F402 /* NSValue+LinkBlock.h */ = {isa = PBXFileReference; fileEncoding = 4; lastKnownFileType = sourcecode.c.h; path = "NSValue+LinkBlock.h"; sourceTree = "<group>"; };
		9FBD17201BDB91D500C2F402 /* NSValue+LinkBlock.m */ = {isa = PBXFileReference; fileEncoding = 4; lastKnownFileType = sourcecode.c.objc; lineEnding = 0; path = "NSValue+LinkBlock.m"; sourceTree = "<group>"; xcLanguageSpecificationIdentifier = xcode.lang.objc; };
		9FBD17211BDB91D500C2F402 /* LinkBlock.h */ = {isa = PBXFileReference; fileEncoding = 4; lastKnownFileType = sourcecode.c.h; lineEnding = 0; path = LinkBlock.h; sourceTree = "<group>"; xcLanguageSpecificationIdentifier = xcode.lang.objcpp; };
		9FBD17251BDB91D500C2F402 /* UIButton+LinkBlock.h */ = {isa = PBXFileReference; fileEncoding = 4; lastKnownFileType = sourcecode.c.h; path = "UIButton+LinkBlock.h"; sourceTree = "<group>"; };
		9FBD17261BDB91D500C2F402 /* UIButton+LinkBlock.m */ = {isa = PBXFileReference; fileEncoding = 4; lastKnownFileType = sourcecode.c.objc; lineEnding = 0; path = "UIButton+LinkBlock.m"; sourceTree = "<group>"; xcLanguageSpecificationIdentifier = xcode.lang.objc; };
		9FBD17271BDB91D500C2F402 /* UIColor+LinkBlock.h */ = {isa = PBXFileReference; fileEncoding = 4; lastKnownFileType = sourcecode.c.h; path = "UIColor+LinkBlock.h"; sourceTree = "<group>"; };
		9FBD17281BDB91D500C2F402 /* UIColor+LinkBlock.m */ = {isa = PBXFileReference; fileEncoding = 4; lastKnownFileType = sourcecode.c.objc; lineEnding = 0; path = "UIColor+LinkBlock.m"; sourceTree = "<group>"; xcLanguageSpecificationIdentifier = xcode.lang.objc; };
		9FBD17291BDB91D500C2F402 /* UIControl+LinkBlock.h */ = {isa = PBXFileReference; fileEncoding = 4; lastKnownFileType = sourcecode.c.h; lineEnding = 0; path = "UIControl+LinkBlock.h"; sourceTree = "<group>"; xcLanguageSpecificationIdentifier = xcode.lang.objcpp; };
		9FBD172A1BDB91D500C2F402 /* UIControl+LinkBlock.m */ = {isa = PBXFileReference; fileEncoding = 4; lastKnownFileType = sourcecode.c.objc; lineEnding = 0; path = "UIControl+LinkBlock.m"; sourceTree = "<group>"; xcLanguageSpecificationIdentifier = xcode.lang.objc; };
		9FBD172B1BDB91D500C2F402 /* UIImage+LinkBlock.h */ = {isa = PBXFileReference; fileEncoding = 4; lastKnownFileType = sourcecode.c.h; lineEnding = 0; path = "UIImage+LinkBlock.h"; sourceTree = "<group>"; wrapsLines = 1; xcLanguageSpecificationIdentifier = xcode.lang.objcpp; };
		9FBD172C1BDB91D500C2F402 /* UIImage+LinkBlock.m */ = {isa = PBXFileReference; fileEncoding = 4; lastKnownFileType = sourcecode.c.objc; lineEnding = 0; path = "UIImage+LinkBlock.m"; sourceTree = "<group>"; xcLanguageSpecificationIdentifier = xcode.lang.objc; };
		9FBD172D1BDB91D500C2F402 /* UIImageView+LinkBlock.h */ = {isa = PBXFileReference; fileEncoding = 4; lastKnownFileType = sourcecode.c.h; path = "UIImageView+LinkBlock.h"; sourceTree = "<group>"; };
		9FBD172E1BDB91D500C2F402 /* UIImageView+LinkBlock.m */ = {isa = PBXFileReference; fileEncoding = 4; lastKnownFileType = sourcecode.c.objc; lineEnding = 0; path = "UIImageView+LinkBlock.m"; sourceTree = "<group>"; xcLanguageSpecificationIdentifier = xcode.lang.objc; };
		9FBD172F1BDB91D500C2F402 /* UILabel+LinkBlock.h */ = {isa = PBXFileReference; fileEncoding = 4; lastKnownFileType = sourcecode.c.h; lineEnding = 0; path = "UILabel+LinkBlock.h"; sourceTree = "<group>"; xcLanguageSpecificationIdentifier = xcode.lang.objcpp; };
		9FBD17301BDB91D500C2F402 /* UILabel+LinkBlock.m */ = {isa = PBXFileReference; fileEncoding = 4; lastKnownFileType = sourcecode.c.objc; lineEnding = 0; path = "UILabel+LinkBlock.m"; sourceTree = "<group>"; xcLanguageSpecificationIdentifier = xcode.lang.objc; };
		9FBD17311BDB91D500C2F402 /* UIScrollView+LinkBlock.h */ = {isa = PBXFileReference; fileEncoding = 4; lastKnownFileType = sourcecode.c.h; path = "UIScrollView+LinkBlock.h"; sourceTree = "<group>"; };
		9FBD17321BDB91D500C2F402 /* UIScrollView+LinkBlock.m */ = {isa = PBXFileReference; fileEncoding = 4; lastKnownFileType = sourcecode.c.objc; lineEnding = 0; path = "UIScrollView+LinkBlock.m"; sourceTree = "<group>"; xcLanguageSpecificationIdentifier = xcode.lang.objc; };
		9FBD17331BDB91D500C2F402 /* UIView+LinkBlock.h */ = {isa = PBXFileReference; fileEncoding = 4; lastKnownFileType = sourcecode.c.h; lineEnding = 0; path = "UIView+LinkBlock.h"; sourceTree = "<group>"; xcLanguageSpecificationIdentifier = xcode.lang.objcpp; };
		9FBD17341BDB91D500C2F402 /* UIView+LinkBlock.m */ = {isa = PBXFileReference; fileEncoding = 4; lastKnownFileType = sourcecode.c.objc; lineEnding = 0; path = "UIView+LinkBlock.m"; sourceTree = "<group>"; wrapsLines = 1; xcLanguageSpecificationIdentifier = xcode.lang.objc; };
		9FBD17351BDB91D500C2F402 /* UIViewController+LinkBlock.h */ = {isa = PBXFileReference; fileEncoding = 4; lastKnownFileType = sourcecode.c.h; lineEnding = 0; path = "UIViewController+LinkBlock.h"; sourceTree = "<group>"; xcLanguageSpecificationIdentifier = xcode.lang.objcpp; };
		9FBD17361BDB91D500C2F402 /* UIViewController+LinkBlock.m */ = {isa = PBXFileReference; fileEncoding = 4; lastKnownFileType = sourcecode.c.objc; lineEnding = 0; path = "UIViewController+LinkBlock.m"; sourceTree = "<group>"; xcLanguageSpecificationIdentifier = xcode.lang.objc; };
		9FC8592F216CFDAD00B5FFB5 /* NSPredicate+LinkBlock.h */ = {isa = PBXFileReference; lastKnownFileType = sourcecode.c.h; path = "NSPredicate+LinkBlock.h"; sourceTree = "<group>"; };
		9FC85930216CFDAD00B5FFB5 /* NSPredicate+LinkBlock.m */ = {isa = PBXFileReference; lastKnownFileType = sourcecode.c.objc; path = "NSPredicate+LinkBlock.m"; sourceTree = "<group>"; };
		9FF373E81D9ED3F300E5AAEA /* Others+LinkBlock.h */ = {isa = PBXFileReference; fileEncoding = 4; lastKnownFileType = sourcecode.c.h; path = "Others+LinkBlock.h"; sourceTree = "<group>"; wrapsLines = 1; };
		9FF373E91D9ED3F300E5AAEA /* Others+LinkBlock.m */ = {isa = PBXFileReference; fileEncoding = 4; lastKnownFileType = sourcecode.c.objc; path = "Others+LinkBlock.m"; sourceTree = "<group>"; };
		9FFDA20C1B835E2F0044097D /* LinkBlockProgram.app */ = {isa = PBXFileReference; explicitFileType = wrapper.application; includeInIndex = 0; path = LinkBlockProgram.app; sourceTree = BUILT_PRODUCTS_DIR; };
		9FFDA2101B835E2F0044097D /* Info.plist */ = {isa = PBXFileReference; lastKnownFileType = text.plist.xml; path = Info.plist; sourceTree = "<group>"; };
		9FFDA2111B835E2F0044097D /* main.m */ = {isa = PBXFileReference; lastKnownFileType = sourcecode.c.objc; lineEnding = 0; path = main.m; sourceTree = "<group>"; xcLanguageSpecificationIdentifier = xcode.lang.objc; };
		9FFDA2131B835E2F0044097D /* AppDelegate.h */ = {isa = PBXFileReference; lastKnownFileType = sourcecode.c.h; lineEnding = 0; path = AppDelegate.h; sourceTree = "<group>"; xcLanguageSpecificationIdentifier = xcode.lang.objcpp; };
		9FFDA2141B835E2F0044097D /* AppDelegate.m */ = {isa = PBXFileReference; lastKnownFileType = sourcecode.c.objc; lineEnding = 0; path = AppDelegate.m; sourceTree = "<group>"; xcLanguageSpecificationIdentifier = xcode.lang.objc; };
		9FFDA2161B835E2F0044097D /* ViewController.h */ = {isa = PBXFileReference; lastKnownFileType = sourcecode.c.h; lineEnding = 0; path = ViewController.h; sourceTree = "<group>"; xcLanguageSpecificationIdentifier = xcode.lang.objcpp; };
		9FFDA2171B835E2F0044097D /* ViewController.m */ = {isa = PBXFileReference; lastKnownFileType = sourcecode.c.objc; path = ViewController.m; sourceTree = "<group>"; };
		9FFDA21A1B835E2F0044097D /* Base */ = {isa = PBXFileReference; lastKnownFileType = file.storyboard; name = Base; path = Base.lproj/Main.storyboard; sourceTree = "<group>"; };
		9FFDA21C1B835E2F0044097D /* Images.xcassets */ = {isa = PBXFileReference; lastKnownFileType = folder.assetcatalog; path = Images.xcassets; sourceTree = "<group>"; };
		9FFDA21F1B835E2F0044097D /* Base */ = {isa = PBXFileReference; lastKnownFileType = file.xib; name = Base; path = Base.lproj/LaunchScreen.xib; sourceTree = "<group>"; };
		9FFDA2251B835E2F0044097D /* LinkBlockProgramTests.xctest */ = {isa = PBXFileReference; explicitFileType = wrapper.cfbundle; includeInIndex = 0; path = LinkBlockProgramTests.xctest; sourceTree = BUILT_PRODUCTS_DIR; };
		9FFDA22A1B835E2F0044097D /* Info.plist */ = {isa = PBXFileReference; lastKnownFileType = text.plist.xml; path = Info.plist; sourceTree = "<group>"; };
		9FFDA22B1B835E2F0044097D /* LinkBlockProgramTests.m */ = {isa = PBXFileReference; lastKnownFileType = sourcecode.c.objc; lineEnding = 0; path = LinkBlockProgramTests.m; sourceTree = "<group>"; xcLanguageSpecificationIdentifier = xcode.lang.objc; };
		EEEF93361C5B5C0900A9ADBF /* UITextField+LinkBlock.h */ = {isa = PBXFileReference; fileEncoding = 4; lastKnownFileType = sourcecode.c.h; lineEnding = 0; path = "UITextField+LinkBlock.h"; sourceTree = "<group>"; xcLanguageSpecificationIdentifier = xcode.lang.objcpp; };
		EEEF93371C5B5C0900A9ADBF /* UITextField+LinkBlock.m */ = {isa = PBXFileReference; fileEncoding = 4; lastKnownFileType = sourcecode.c.objc; lineEnding = 0; path = "UITextField+LinkBlock.m"; sourceTree = "<group>"; xcLanguageSpecificationIdentifier = xcode.lang.objc; };
/* End PBXFileReference section */

/* Begin PBXFrameworksBuildPhase section */
		9FFDA2091B835E2F0044097D /* Frameworks */ = {
			isa = PBXFrameworksBuildPhase;
			buildActionMask = 2147483647;
			files = (
			);
			runOnlyForDeploymentPostprocessing = 0;
		};
		9FFDA2221B835E2F0044097D /* Frameworks */ = {
			isa = PBXFrameworksBuildPhase;
			buildActionMask = 2147483647;
			files = (
			);
			runOnlyForDeploymentPostprocessing = 0;
		};
/* End PBXFrameworksBuildPhase section */

/* Begin PBXGroup section */
		453AFBC41D6EFB4E00012095 /* TestClass */ = {
			isa = PBXGroup;
			children = (
				453AFBC71D6EFB4E00012095 /* Person.h */,
				453AFBC81D6EFB4E00012095 /* Person.m */,
				453AFBC51D6EFB4E00012095 /* Man.h */,
				453AFBC61D6EFB4E00012095 /* Man.m */,
			);
			path = TestClass;
			sourceTree = "<group>";
		};
		454A9E311FE3B80C00CEE102 /* DynamicBlock */ = {
			isa = PBXGroup;
			children = (
				454A9E381FE3BC1A00CEE102 /* DynamicLink.h */,
				454A9E391FE3BC1A00CEE102 /* DynamicLink.m */,
				454A9E351FE3BB3400CEE102 /* DynamicLinkAction.h */,
				454A9E361FE3BB3400CEE102 /* DynamicLinkAction.m */,
				454A9E321FE3B95600CEE102 /* DynamicLinkArgument.h */,
				454A9E331FE3B95600CEE102 /* DynamicLinkArgument.m */,
				9F6508801FE59C2E0039BA9E /* LinkBlockInvocation.h */,
				9F6508811FE59C2E0039BA9E /* LinkBlockInvocation.m */,
				9F8D65DB1FF1601700EBDE5A /* LinkPropertyInvocation.h */,
				9F8D65DC1FF1601700EBDE5A /* LinkPropertyInvocation.m */,
			);
			path = DynamicBlock;
			sourceTree = "<group>";
		};
		455595BF1FF4DEB400C88FB7 /* NSBlackHole */ = {
			isa = PBXGroup;
			children = (
				455595C01FF4DEB400C88FB7 /* NSNil.h */,
				455595C21FF4DEB400C88FB7 /* NSBlackHole.h */,
				455595C11FF4DEB400C88FB7 /* NSBlackHole.m */,
			);
			path = NSBlackHole;
			sourceTree = "<group>";
		};
		458AD5FB1D193BBB00D5B931 /* JavaScriptCore */ = {
			isa = PBXGroup;
			children = (
				4567BEDC1D20C4C600202871 /* JavaScriptCore+LinkBlock.h */,
				458AD5FC1D193BDC00D5B931 /* JSContext+LinkBlock.h */,
				458AD5FD1D193BDC00D5B931 /* JSContext+LinkBlock.m */,
				458AD5FE1D193BDC00D5B931 /* JSValue+LinkBlock.h */,
				458AD5FF1D193BDC00D5B931 /* JSValue+LinkBlock.m */,
				458AD6021D194D9200D5B931 /* JSManagedValue+LinkBlock.h */,
				458AD6031D194D9200D5B931 /* JSManagedValue+LinkBlock.m */,
			);
			path = JavaScriptCore;
			sourceTree = "<group>";
		};
		45BFEBE71D34F153007B83B5 /* LinkInfo */ = {
			isa = PBXGroup;
			children = (
				456366091E77DD0900C1ABE2 /* LinkBlockDefine.h */,
				45BFEBEE1D34F728007B83B5 /* LinkError.h */,
				45BFEBEF1D34F728007B83B5 /* LinkError.m */,
				45BFEBEB1D34F225007B83B5 /* LinkGroup.h */,
				45BFEBEC1D34F225007B83B5 /* LinkGroup.m */,
				454A9E2E1FE26D8700CEE102 /* LinkHelper.h */,
				454A9E2F1FE26D8700CEE102 /* LinkHelper.m */,
				45BFEBE81D34F186007B83B5 /* LinkInfo.h */,
				45BFEBE91D34F186007B83B5 /* LinkInfo.m */,
				4559E8681D952B580034D221 /* LinkReturn.h */,
				4559E8691D952B580034D221 /* LinkReturn.m */,
				455595BF1FF4DEB400C88FB7 /* NSBlackHole */,
			);
			path = LinkInfo;
			sourceTree = "<group>";
		};
		9FBD17051BDB91D500C2F402 /* LinkBlock */ = {
			isa = PBXGroup;
			children = (
				9FBD17211BDB91D500C2F402 /* LinkBlock.h */,
				45D781692178340C00E8F53E /* LinkObject.h */,
				45D7816A2178340C00E8F53E /* LinkObject.m */,
				9FBD17061BDB91D500C2F402 /* Foundation */,
				9FBD17241BDB91D500C2F402 /* UIKit */,
				45BFEBE71D34F153007B83B5 /* LinkInfo */,
				454A9E311FE3B80C00CEE102 /* DynamicBlock */,
			);
			path = LinkBlock;
			sourceTree = "<group>";
		};
		9FBD17061BDB91D500C2F402 /* Foundation */ = {
			isa = PBXGroup;
			children = (
				458AD5FB1D193BBB00D5B931 /* JavaScriptCore */,
				9FBD17071BDB91D500C2F402 /* NSArray+LinkBlock.h */,
				9FBD17081BDB91D500C2F402 /* NSArray+LinkBlock.m */,
				9FBD17091BDB91D500C2F402 /* NSAttributedString+LinkBlock.h */,
				9FBD170A1BDB91D500C2F402 /* NSAttributedString+LinkBlock.m */,
				9FBD170B1BDB91D500C2F402 /* NSDate+LinkBlock.h */,
				9FBD170C1BDB91D500C2F402 /* NSDate+LinkBlock.m */,
				9FBD170D1BDB91D500C2F402 /* NSDictionary+LinkBlock.h */,
				9FBD170E1BDB91D500C2F402 /* NSDictionary+LinkBlock.m */,
				453ED88B1D86B47F00B4A4C4 /* NSError+LinkBlock.h */,
				453ED88C1D86B47F00B4A4C4 /* NSError+LinkBlock.m */,
				45C239BD1FDA943E00E08D01 /* NSIndexPath+LinkBlock.h */,
				45C239BE1FDA943E00E08D01 /* NSIndexPath+LinkBlock.m */,
				9FBD170F1BDB91D500C2F402 /* NSMutableArray+LinkBlock.h */,
				9FBD17101BDB91D500C2F402 /* NSMutableArray+LinkBlock.m */,
				9FBD17111BDB91D500C2F402 /* NSMutableAttributedString+LinkBlock.h */,
				9FBD17121BDB91D500C2F402 /* NSMutableAttributedString+LinkBlock.m */,
				9FBD17131BDB91D500C2F402 /* NSMutableDictionary+LinkBlock.h */,
				9FBD17141BDB91D500C2F402 /* NSMutableDictionary+LinkBlock.m */,
				9FBD17151BDB91D500C2F402 /* NSMutableString+LinkBlock.h */,
				9FBD17161BDB91D500C2F402 /* NSMutableString+LinkBlock.m */,
				9FBD17171BDB91D500C2F402 /* NSNumber+LinkBlock.h */,
				9FBD17181BDB91D500C2F402 /* NSNumber+LinkBlock.m */,
				9FBD17191BDB91D500C2F402 /* NSObject+LinkBlock.h */,
				9FBD171A1BDB91D500C2F402 /* NSObject+LinkBlock.m */,
				9FC8592F216CFDAD00B5FFB5 /* NSPredicate+LinkBlock.h */,
				9FC85930216CFDAD00B5FFB5 /* NSPredicate+LinkBlock.m */,
				9FBD171B1BDB91D500C2F402 /* NSString+LinkBlock.h */,
				9FBD171C1BDB91D500C2F402 /* NSString+LinkBlock.m */,
				9FBD171D1BDB91D500C2F402 /* NSURL+LinkBlock.h */,
				9FBD171E1BDB91D500C2F402 /* NSURL+LinkBlock.m */,
				9FBD171F1BDB91D500C2F402 /* NSValue+LinkBlock.h */,
				9FBD17201BDB91D500C2F402 /* NSValue+LinkBlock.m */,
				9FF373E81D9ED3F300E5AAEA /* Others+LinkBlock.h */,
				9FF373E91D9ED3F300E5AAEA /* Others+LinkBlock.m */,
			);
			path = Foundation;
			sourceTree = "<group>";
		};
		9FBD17241BDB91D500C2F402 /* UIKit */ = {
			isa = PBXGroup;
			children = (
				4540E41D1EB034A100AC87F1 /* CAAnimations+LinkBlock.h */,
				4540E41E1EB034A100AC87F1 /* CAAnimations+LinkBlock.m */,
				452047681CEDB8D30092ED18 /* CALayer+LinkBlock.h */,
				452047691CEDB8D30092ED18 /* CALayer+LinkBlock.m */,
				452047651CED65310092ED18 /* CAShapeLayer+LinkBlock.h */,
				452047661CED65310092ED18 /* CAShapeLayer+LinkBlock.m */,
				455FE5F220DA385F001C2CF4 /* NSLayoutConstraint+LinkBlock.h */,
				455FE5F320DA385F001C2CF4 /* NSLayoutConstraint+LinkBlock.m */,
				45DEF2C31CEB0B950000E453 /* UIBezierPath+LinkBlock.h */,
				45DEF2C41CEB0B950000E453 /* UIBezierPath+LinkBlock.m */,
				9FBD17251BDB91D500C2F402 /* UIButton+LinkBlock.h */,
				9FBD17261BDB91D500C2F402 /* UIButton+LinkBlock.m */,
				9FBD17271BDB91D500C2F402 /* UIColor+LinkBlock.h */,
				9FBD17281BDB91D500C2F402 /* UIColor+LinkBlock.m */,
				9FBD17291BDB91D500C2F402 /* UIControl+LinkBlock.h */,
				9FBD172A1BDB91D500C2F402 /* UIControl+LinkBlock.m */,
				45EB72F21FAAC793004984E0 /* UIFont+LinkBlock.h */,
				45EB72F31FAAC793004984E0 /* UIFont+LinkBlock.m */,
				9FBD172B1BDB91D500C2F402 /* UIImage+LinkBlock.h */,
				9FBD172C1BDB91D500C2F402 /* UIImage+LinkBlock.m */,
				9FBD172D1BDB91D500C2F402 /* UIImageView+LinkBlock.h */,
				9FBD172E1BDB91D500C2F402 /* UIImageView+LinkBlock.m */,
				9FBD172F1BDB91D500C2F402 /* UILabel+LinkBlock.h */,
				9FBD17301BDB91D500C2F402 /* UILabel+LinkBlock.m */,
				9FBD17311BDB91D500C2F402 /* UIScrollView+LinkBlock.h */,
				9FBD17321BDB91D500C2F402 /* UIScrollView+LinkBlock.m */,
				450346691EC04B4500F6066A /* UISearchBar+LinkBlock.h */,
				4503466A1EC04B4500F6066A /* UISearchBar+LinkBlock.m */,
				459388BF1D9BCB6600F3DA61 /* UITableView+LinkBlock.h */,
				459388C01D9BCB6600F3DA61 /* UITableView+LinkBlock.m */,
				EEEF93361C5B5C0900A9ADBF /* UITextField+LinkBlock.h */,
				EEEF93371C5B5C0900A9ADBF /* UITextField+LinkBlock.m */,
				450856C01D62B3230015E24A /* UITextView+LinkBlock.h */,
				450856C11D62B3230015E24A /* UITextView+LinkBlock.m */,
				9FBD17331BDB91D500C2F402 /* UIView+LinkBlock.h */,
				9FBD17341BDB91D500C2F402 /* UIView+LinkBlock.m */,
				9FBD17351BDB91D500C2F402 /* UIViewController+LinkBlock.h */,
				9FBD17361BDB91D500C2F402 /* UIViewController+LinkBlock.m */,
				4528C60A1D1A5D3C00B35C97 /* UIWebView+LinkBlock.h */,
				4528C60B1D1A5D3C00B35C97 /* UIWebView+LinkBlock.m */,
				45A364A721EDC3FF00105E9E /* UIStackView+LinkBlock.h */,
				45A364A821EDC3FF00105E9E /* UIStackView+LinkBlock.m */,
				45F5CFAF21F6EF7800FF903E /* UITableViewCell+LinkBlock.h */,
				45F5CFB021F6EF7800FF903E /* UITableViewCell+LinkBlock.m */,
			);
			path = UIKit;
			sourceTree = "<group>";
		};
		9FFDA2031B835E2F0044097D = {
			isa = PBXGroup;
			children = (
				9FBD17051BDB91D500C2F402 /* LinkBlock */,
				9FFDA20E1B835E2F0044097D /* LinkBlockProgram */,
				9FFDA2281B835E2F0044097D /* LinkBlockProgramTests */,
				9FFDA20D1B835E2F0044097D /* Products */,
			);
			sourceTree = "<group>";
		};
		9FFDA20D1B835E2F0044097D /* Products */ = {
			isa = PBXGroup;
			children = (
				9FFDA20C1B835E2F0044097D /* LinkBlockProgram.app */,
				9FFDA2251B835E2F0044097D /* LinkBlockProgramTests.xctest */,
			);
			name = Products;
			sourceTree = "<group>";
		};
		9FFDA20E1B835E2F0044097D /* LinkBlockProgram */ = {
			isa = PBXGroup;
			children = (
				453AFBC41D6EFB4E00012095 /* TestClass */,
				9FFDA2131B835E2F0044097D /* AppDelegate.h */,
				9FFDA2141B835E2F0044097D /* AppDelegate.m */,
				9FFDA2161B835E2F0044097D /* ViewController.h */,
				9FFDA2171B835E2F0044097D /* ViewController.m */,
				9FFDA2191B835E2F0044097D /* Main.storyboard */,
				9FFDA21C1B835E2F0044097D /* Images.xcassets */,
				9FFDA21E1B835E2F0044097D /* LaunchScreen.xib */,
				9FFDA20F1B835E2F0044097D /* Supporting Files */,
			);
			path = LinkBlockProgram;
			sourceTree = "<group>";
		};
		9FFDA20F1B835E2F0044097D /* Supporting Files */ = {
			isa = PBXGroup;
			children = (
				9FFDA2101B835E2F0044097D /* Info.plist */,
				9FFDA2111B835E2F0044097D /* main.m */,
			);
			name = "Supporting Files";
			sourceTree = "<group>";
		};
		9FFDA2281B835E2F0044097D /* LinkBlockProgramTests */ = {
			isa = PBXGroup;
			children = (
				9FFDA22B1B835E2F0044097D /* LinkBlockProgramTests.m */,
				9FFDA2291B835E2F0044097D /* Supporting Files */,
			);
			path = LinkBlockProgramTests;
			sourceTree = "<group>";
		};
		9FFDA2291B835E2F0044097D /* Supporting Files */ = {
			isa = PBXGroup;
			children = (
				9FFDA22A1B835E2F0044097D /* Info.plist */,
			);
			name = "Supporting Files";
			sourceTree = "<group>";
		};
/* End PBXGroup section */

/* Begin PBXNativeTarget section */
		9FFDA20B1B835E2F0044097D /* LinkBlockProgram */ = {
			isa = PBXNativeTarget;
			buildConfigurationList = 9FFDA22F1B835E2F0044097D /* Build configuration list for PBXNativeTarget "LinkBlockProgram" */;
			buildPhases = (
				9FFDA2081B835E2F0044097D /* Sources */,
				9FFDA2091B835E2F0044097D /* Frameworks */,
				9FFDA20A1B835E2F0044097D /* Resources */,
			);
			buildRules = (
			);
			dependencies = (
			);
			name = LinkBlockProgram;
			productName = LinkBlockProgram;
			productReference = 9FFDA20C1B835E2F0044097D /* LinkBlockProgram.app */;
			productType = "com.apple.product-type.application";
		};
		9FFDA2241B835E2F0044097D /* LinkBlockProgramTests */ = {
			isa = PBXNativeTarget;
			buildConfigurationList = 9FFDA2321B835E2F0044097D /* Build configuration list for PBXNativeTarget "LinkBlockProgramTests" */;
			buildPhases = (
				9FFDA2211B835E2F0044097D /* Sources */,
				9FFDA2221B835E2F0044097D /* Frameworks */,
				9FFDA2231B835E2F0044097D /* Resources */,
			);
			buildRules = (
			);
			dependencies = (
				9FFDA2271B835E2F0044097D /* PBXTargetDependency */,
			);
			name = LinkBlockProgramTests;
			productName = LinkBlockProgramTests;
			productReference = 9FFDA2251B835E2F0044097D /* LinkBlockProgramTests.xctest */;
			productType = "com.apple.product-type.bundle.unit-test";
		};
/* End PBXNativeTarget section */

/* Begin PBXProject section */
		9FFDA2041B835E2F0044097D /* Project object */ = {
			isa = PBXProject;
			attributes = {
				LastUpgradeCheck = 1000;
				ORGANIZATIONNAME = QuXingYi;
				TargetAttributes = {
					9FFDA20B1B835E2F0044097D = {
						CreatedOnToolsVersion = 6.4;
					};
					9FFDA2241B835E2F0044097D = {
						CreatedOnToolsVersion = 6.4;
						TestTargetID = 9FFDA20B1B835E2F0044097D;
					};
				};
			};
			buildConfigurationList = 9FFDA2071B835E2F0044097D /* Build configuration list for PBXProject "LinkBlockProgram" */;
			compatibilityVersion = "Xcode 3.2";
			developmentRegion = English;
			hasScannedForEncodings = 0;
			knownRegions = (
				en,
				Base,
			);
			mainGroup = 9FFDA2031B835E2F0044097D;
			productRefGroup = 9FFDA20D1B835E2F0044097D /* Products */;
			projectDirPath = "";
			projectRoot = "";
			targets = (
				9FFDA20B1B835E2F0044097D /* LinkBlockProgram */,
				9FFDA2241B835E2F0044097D /* LinkBlockProgramTests */,
			);
		};
/* End PBXProject section */

/* Begin PBXResourcesBuildPhase section */
		9FFDA20A1B835E2F0044097D /* Resources */ = {
			isa = PBXResourcesBuildPhase;
			buildActionMask = 2147483647;
			files = (
				9FFDA21B1B835E2F0044097D /* Main.storyboard in Resources */,
				9FFDA2201B835E2F0044097D /* LaunchScreen.xib in Resources */,
				9FFDA21D1B835E2F0044097D /* Images.xcassets in Resources */,
			);
			runOnlyForDeploymentPostprocessing = 0;
		};
		9FFDA2231B835E2F0044097D /* Resources */ = {
			isa = PBXResourcesBuildPhase;
			buildActionMask = 2147483647;
			files = (
			);
			runOnlyForDeploymentPostprocessing = 0;
		};
/* End PBXResourcesBuildPhase section */

/* Begin PBXSourcesBuildPhase section */
		9FFDA2081B835E2F0044097D /* Sources */ = {
			isa = PBXSourcesBuildPhase;
			buildActionMask = 2147483647;
			files = (
				4503466B1EC04B4500F6066A /* UISearchBar+LinkBlock.m in Sources */,
				454A9E371FE3BB3400CEE102 /* DynamicLinkAction.m in Sources */,
				9FBD174B1BDB91D500C2F402 /* UIScrollView+LinkBlock.m in Sources */,
				455FE5F420DA385F001C2CF4 /* NSLayoutConstraint+LinkBlock.m in Sources */,
				45DEF2C51CEB0B950000E453 /* UIBezierPath+LinkBlock.m in Sources */,
				453AFBCA1D6EFB4E00012095 /* Person.m in Sources */,
				9FBD174D1BDB91D500C2F402 /* UIViewController+LinkBlock.m in Sources */,
				9FBD173E1BDB91D500C2F402 /* NSMutableString+LinkBlock.m in Sources */,
				45F5CFB121F6EF7800FF903E /* UITableViewCell+LinkBlock.m in Sources */,
				9FBD17401BDB91D500C2F402 /* NSObject+LinkBlock.m in Sources */,
				9FBD173F1BDB91D500C2F402 /* NSNumber+LinkBlock.m in Sources */,
				9FFDA2181B835E2F0044097D /* ViewController.m in Sources */,
				454A9E341FE3B95600CEE102 /* DynamicLinkArgument.m in Sources */,
				9FBD17421BDB91D500C2F402 /* NSURL+LinkBlock.m in Sources */,
				45A364A921EDC3FF00105E9E /* UIStackView+LinkBlock.m in Sources */,
				9FBD173D1BDB91D500C2F402 /* NSMutableDictionary+LinkBlock.m in Sources */,
				452047671CED65310092ED18 /* CAShapeLayer+LinkBlock.m in Sources */,
				9FBD17391BDB91D500C2F402 /* NSDate+LinkBlock.m in Sources */,
				9FC85931216CFDAD00B5FFB5 /* NSPredicate+LinkBlock.m in Sources */,
				45BFEBEA1D34F186007B83B5 /* LinkInfo.m in Sources */,
				45BFEBF01D34F728007B83B5 /* LinkError.m in Sources */,
				9FBD17491BDB91D500C2F402 /* UIImageView+LinkBlock.m in Sources */,
				9FBD17461BDB91D500C2F402 /* UIColor+LinkBlock.m in Sources */,
				9FBD17381BDB91D500C2F402 /* NSAttributedString+LinkBlock.m in Sources */,
				45BFEBED1D34F225007B83B5 /* LinkGroup.m in Sources */,
				9FBD17411BDB91D500C2F402 /* NSString+LinkBlock.m in Sources */,
				4559E86A1D952B580034D221 /* LinkReturn.m in Sources */,
				9FBD17451BDB91D500C2F402 /* UIButton+LinkBlock.m in Sources */,
				450856C21D62B3230015E24A /* UITextView+LinkBlock.m in Sources */,
				9FBD17481BDB91D500C2F402 /* UIImage+LinkBlock.m in Sources */,
				9FBD174C1BDB91D500C2F402 /* UIView+LinkBlock.m in Sources */,
				9FBD17371BDB91D500C2F402 /* NSArray+LinkBlock.m in Sources */,
				9FBD173B1BDB91D500C2F402 /* NSMutableArray+LinkBlock.m in Sources */,
				4528C60C1D1A5D3C00B35C97 /* UIWebView+LinkBlock.m in Sources */,
				455595C31FF4DEB400C88FB7 /* NSBlackHole.m in Sources */,
				458AD6041D194D9200D5B931 /* JSManagedValue+LinkBlock.m in Sources */,
				453ED88D1D86B47F00B4A4C4 /* NSError+LinkBlock.m in Sources */,
				4540E41F1EB034A100AC87F1 /* CAAnimations+LinkBlock.m in Sources */,
				9FFDA2151B835E2F0044097D /* AppDelegate.m in Sources */,
				45EB72F41FAAC793004984E0 /* UIFont+LinkBlock.m in Sources */,
				9F8D65DD1FF1601700EBDE5A /* LinkPropertyInvocation.m in Sources */,
				45C239BF1FDA943E00E08D01 /* NSIndexPath+LinkBlock.m in Sources */,
				453AFBC91D6EFB4E00012095 /* Man.m in Sources */,
				9FBD174A1BDB91D500C2F402 /* UILabel+LinkBlock.m in Sources */,
				459388C11D9BCB6600F3DA61 /* UITableView+LinkBlock.m in Sources */,
				454A9E301FE26D8800CEE102 /* LinkHelper.m in Sources */,
				458AD6001D193BDC00D5B931 /* JSContext+LinkBlock.m in Sources */,
				9FF373EA1D9ED3F300E5AAEA /* Others+LinkBlock.m in Sources */,
				9FBD17471BDB91D500C2F402 /* UIControl+LinkBlock.m in Sources */,
				45D7816B2178340C00E8F53E /* LinkObject.m in Sources */,
				4520476A1CEDB8D30092ED18 /* CALayer+LinkBlock.m in Sources */,
				9FBD173C1BDB91D500C2F402 /* NSMutableAttributedString+LinkBlock.m in Sources */,
				9FFDA2121B835E2F0044097D /* main.m in Sources */,
				458AD6011D193BDC00D5B931 /* JSValue+LinkBlock.m in Sources */,
				9F6508821FE59C2E0039BA9E /* LinkBlockInvocation.m in Sources */,
				9FBD17431BDB91D500C2F402 /* NSValue+LinkBlock.m in Sources */,
				454A9E3A1FE3BC1A00CEE102 /* DynamicLink.m in Sources */,
				EEEF93381C5B5C0900A9ADBF /* UITextField+LinkBlock.m in Sources */,
				9FBD173A1BDB91D500C2F402 /* NSDictionary+LinkBlock.m in Sources */,
			);
			runOnlyForDeploymentPostprocessing = 0;
		};
		9FFDA2211B835E2F0044097D /* Sources */ = {
			isa = PBXSourcesBuildPhase;
			buildActionMask = 2147483647;
			files = (
				9FFDA22C1B835E2F0044097D /* LinkBlockProgramTests.m in Sources */,
			);
			runOnlyForDeploymentPostprocessing = 0;
		};
/* End PBXSourcesBuildPhase section */

/* Begin PBXTargetDependency section */
		9FFDA2271B835E2F0044097D /* PBXTargetDependency */ = {
			isa = PBXTargetDependency;
			target = 9FFDA20B1B835E2F0044097D /* LinkBlockProgram */;
			targetProxy = 9FFDA2261B835E2F0044097D /* PBXContainerItemProxy */;
		};
/* End PBXTargetDependency section */

/* Begin PBXVariantGroup section */
		9FFDA2191B835E2F0044097D /* Main.storyboard */ = {
			isa = PBXVariantGroup;
			children = (
				9FFDA21A1B835E2F0044097D /* Base */,
			);
			name = Main.storyboard;
			sourceTree = "<group>";
		};
		9FFDA21E1B835E2F0044097D /* LaunchScreen.xib */ = {
			isa = PBXVariantGroup;
			children = (
				9FFDA21F1B835E2F0044097D /* Base */,
			);
			name = LaunchScreen.xib;
			sourceTree = "<group>";
		};
/* End PBXVariantGroup section */

/* Begin XCBuildConfiguration section */
		9FFDA22D1B835E2F0044097D /* Debug */ = {
			isa = XCBuildConfiguration;
			buildSettings = {
				ALWAYS_SEARCH_USER_PATHS = NO;
				CLANG_CXX_LANGUAGE_STANDARD = "gnu++0x";
				CLANG_CXX_LIBRARY = "libc++";
				CLANG_ENABLE_MODULES = YES;
				CLANG_ENABLE_OBJC_ARC = YES;
				CLANG_WARN_BLOCK_CAPTURE_AUTORELEASING = YES;
				CLANG_WARN_BOOL_CONVERSION = YES;
				CLANG_WARN_COMMA = YES;
				CLANG_WARN_CONSTANT_CONVERSION = YES;
				CLANG_WARN_DEPRECATED_OBJC_IMPLEMENTATIONS = YES;
				CLANG_WARN_DIRECT_OBJC_ISA_USAGE = YES_ERROR;
				CLANG_WARN_EMPTY_BODY = YES;
				CLANG_WARN_ENUM_CONVERSION = YES;
				CLANG_WARN_INFINITE_RECURSION = YES;
				CLANG_WARN_INT_CONVERSION = YES;
				CLANG_WARN_NON_LITERAL_NULL_CONVERSION = YES;
				CLANG_WARN_OBJC_IMPLICIT_RETAIN_SELF = YES;
				CLANG_WARN_OBJC_LITERAL_CONVERSION = YES;
				CLANG_WARN_OBJC_ROOT_CLASS = YES_ERROR;
				CLANG_WARN_RANGE_LOOP_ANALYSIS = YES;
				CLANG_WARN_STRICT_PROTOTYPES = YES;
				CLANG_WARN_SUSPICIOUS_MOVE = YES;
				CLANG_WARN_UNREACHABLE_CODE = YES;
				CLANG_WARN__DUPLICATE_METHOD_MATCH = YES;
				"CODE_SIGN_IDENTITY[sdk=iphoneos*]" = "iPhone Developer";
				COPY_PHASE_STRIP = NO;
				DEBUG_INFORMATION_FORMAT = "dwarf-with-dsym";
				ENABLE_STRICT_OBJC_MSGSEND = YES;
				ENABLE_TESTABILITY = YES;
				GCC_C_LANGUAGE_STANDARD = gnu99;
				GCC_DYNAMIC_NO_PIC = NO;
				GCC_NO_COMMON_BLOCKS = YES;
				GCC_OPTIMIZATION_LEVEL = 0;
				GCC_PREPROCESSOR_DEFINITIONS = (
					"DEBUG=1",
					"$(inherited)",
				);
				GCC_SYMBOLS_PRIVATE_EXTERN = NO;
				GCC_WARN_64_TO_32_BIT_CONVERSION = YES;
				GCC_WARN_ABOUT_RETURN_TYPE = YES_ERROR;
				GCC_WARN_UNDECLARED_SELECTOR = YES;
				GCC_WARN_UNINITIALIZED_AUTOS = YES_AGGRESSIVE;
				GCC_WARN_UNUSED_FUNCTION = YES;
				GCC_WARN_UNUSED_VARIABLE = YES;
				IPHONEOS_DEPLOYMENT_TARGET = 8.0;
				MTL_ENABLE_DEBUG_INFO = YES;
				ONLY_ACTIVE_ARCH = YES;
				SDKROOT = iphoneos;
				TARGETED_DEVICE_FAMILY = "1,2";
			};
			name = Debug;
		};
		9FFDA22E1B835E2F0044097D /* Release */ = {
			isa = XCBuildConfiguration;
			buildSettings = {
				ALWAYS_SEARCH_USER_PATHS = NO;
				CLANG_CXX_LANGUAGE_STANDARD = "gnu++0x";
				CLANG_CXX_LIBRARY = "libc++";
				CLANG_ENABLE_MODULES = YES;
				CLANG_ENABLE_OBJC_ARC = YES;
				CLANG_WARN_BLOCK_CAPTURE_AUTORELEASING = YES;
				CLANG_WARN_BOOL_CONVERSION = YES;
				CLANG_WARN_COMMA = YES;
				CLANG_WARN_CONSTANT_CONVERSION = YES;
				CLANG_WARN_DEPRECATED_OBJC_IMPLEMENTATIONS = YES;
				CLANG_WARN_DIRECT_OBJC_ISA_USAGE = YES_ERROR;
				CLANG_WARN_EMPTY_BODY = YES;
				CLANG_WARN_ENUM_CONVERSION = YES;
				CLANG_WARN_INFINITE_RECURSION = YES;
				CLANG_WARN_INT_CONVERSION = YES;
				CLANG_WARN_NON_LITERAL_NULL_CONVERSION = YES;
				CLANG_WARN_OBJC_IMPLICIT_RETAIN_SELF = YES;
				CLANG_WARN_OBJC_LITERAL_CONVERSION = YES;
				CLANG_WARN_OBJC_ROOT_CLASS = YES_ERROR;
				CLANG_WARN_RANGE_LOOP_ANALYSIS = YES;
				CLANG_WARN_STRICT_PROTOTYPES = YES;
				CLANG_WARN_SUSPICIOUS_MOVE = YES;
				CLANG_WARN_UNREACHABLE_CODE = YES;
				CLANG_WARN__DUPLICATE_METHOD_MATCH = YES;
				"CODE_SIGN_IDENTITY[sdk=iphoneos*]" = "iPhone Developer";
				COPY_PHASE_STRIP = NO;
				DEBUG_INFORMATION_FORMAT = "dwarf-with-dsym";
				ENABLE_NS_ASSERTIONS = NO;
				ENABLE_STRICT_OBJC_MSGSEND = YES;
				GCC_C_LANGUAGE_STANDARD = gnu99;
				GCC_NO_COMMON_BLOCKS = YES;
				GCC_WARN_64_TO_32_BIT_CONVERSION = YES;
				GCC_WARN_ABOUT_RETURN_TYPE = YES_ERROR;
				GCC_WARN_UNDECLARED_SELECTOR = YES;
				GCC_WARN_UNINITIALIZED_AUTOS = YES_AGGRESSIVE;
				GCC_WARN_UNUSED_FUNCTION = YES;
				GCC_WARN_UNUSED_VARIABLE = YES;
				IPHONEOS_DEPLOYMENT_TARGET = 8.0;
				MTL_ENABLE_DEBUG_INFO = NO;
				SDKROOT = iphoneos;
				TARGETED_DEVICE_FAMILY = "1,2";
				VALIDATE_PRODUCT = YES;
			};
			name = Release;
		};
		9FFDA2301B835E2F0044097D /* Debug */ = {
			isa = XCBuildConfiguration;
			buildSettings = {
				ASSETCATALOG_COMPILER_APPICON_NAME = AppIcon;
				CODE_SIGN_IDENTITY = "iPhone Developer";
				"CODE_SIGN_IDENTITY[sdk=iphoneos*]" = "iPhone Developer";
				ENABLE_STRICT_OBJC_MSGSEND = NO;
				INFOPLIST_FILE = LinkBlockProgram/Info.plist;
				IPHONEOS_DEPLOYMENT_TARGET = 8.0;
				LD_RUNPATH_SEARCH_PATHS = "$(inherited) @executable_path/Frameworks";
				PRODUCT_BUNDLE_IDENTIFIER = "NOVO.$(PRODUCT_NAME:rfc1034identifier)";
				PRODUCT_NAME = "$(TARGET_NAME)";
				PROVISIONING_PROFILE = "";
			};
			name = Debug;
		};
		9FFDA2311B835E2F0044097D /* Release */ = {
			isa = XCBuildConfiguration;
			buildSettings = {
				ASSETCATALOG_COMPILER_APPICON_NAME = AppIcon;
				CODE_SIGN_IDENTITY = "iPhone Developer";
				"CODE_SIGN_IDENTITY[sdk=iphoneos*]" = "iPhone Developer";
				ENABLE_STRICT_OBJC_MSGSEND = NO;
				INFOPLIST_FILE = LinkBlockProgram/Info.plist;
				IPHONEOS_DEPLOYMENT_TARGET = 8.0;
				LD_RUNPATH_SEARCH_PATHS = "$(inherited) @executable_path/Frameworks";
				PRODUCT_BUNDLE_IDENTIFIER = "NOVO.$(PRODUCT_NAME:rfc1034identifier)";
				PRODUCT_NAME = "$(TARGET_NAME)";
				PROVISIONING_PROFILE = "";
			};
			name = Release;
		};
		9FFDA2331B835E2F0044097D /* Debug */ = {
			isa = XCBuildConfiguration;
			buildSettings = {
				BUNDLE_LOADER = "$(TEST_HOST)";
				GCC_PREPROCESSOR_DEFINITIONS = (
					"DEBUG=1",
					"$(inherited)",
				);
				INFOPLIST_FILE = LinkBlockProgramTests/Info.plist;
				LD_RUNPATH_SEARCH_PATHS = "$(inherited) @executable_path/Frameworks @loader_path/Frameworks";
				PRODUCT_BUNDLE_IDENTIFIER = "NOVO.$(PRODUCT_NAME:rfc1034identifier)";
				PRODUCT_NAME = "$(TARGET_NAME)";
				TEST_HOST = "$(BUILT_PRODUCTS_DIR)/LinkBlockProgram.app/LinkBlockProgram";
			};
			name = Debug;
		};
		9FFDA2341B835E2F0044097D /* Release */ = {
			isa = XCBuildConfiguration;
			buildSettings = {
				BUNDLE_LOADER = "$(TEST_HOST)";
				INFOPLIST_FILE = LinkBlockProgramTests/Info.plist;
				LD_RUNPATH_SEARCH_PATHS = "$(inherited) @executable_path/Frameworks @loader_path/Frameworks";
				PRODUCT_BUNDLE_IDENTIFIER = "NOVO.$(PRODUCT_NAME:rfc1034identifier)";
				PRODUCT_NAME = "$(TARGET_NAME)";
				TEST_HOST = "$(BUILT_PRODUCTS_DIR)/LinkBlockProgram.app/LinkBlockProgram";
			};
			name = Release;
		};
/* End XCBuildConfiguration section */

/* Begin XCConfigurationList section */
		9FFDA2071B835E2F0044097D /* Build configuration list for PBXProject "LinkBlockProgram" */ = {
			isa = XCConfigurationList;
			buildConfigurations = (
				9FFDA22D1B835E2F0044097D /* Debug */,
				9FFDA22E1B835E2F0044097D /* Release */,
			);
			defaultConfigurationIsVisible = 0;
			defaultConfigurationName = Release;
		};
		9FFDA22F1B835E2F0044097D /* Build configuration list for PBXNativeTarget "LinkBlockProgram" */ = {
			isa = XCConfigurationList;
			buildConfigurations = (
				9FFDA2301B835E2F0044097D /* Debug */,
				9FFDA2311B835E2F0044097D /* Release */,
			);
			defaultConfigurationIsVisible = 0;
			defaultConfigurationName = Release;
		};
		9FFDA2321B835E2F0044097D /* Build configuration list for PBXNativeTarget "LinkBlockProgramTests" */ = {
			isa = XCConfigurationList;
			buildConfigurations = (
				9FFDA2331B835E2F0044097D /* Debug */,
				9FFDA2341B835E2F0044097D /* Release */,
			);
			defaultConfigurationIsVisible = 0;
			defaultConfigurationName = Release;
		};
/* End XCConfigurationList section */
	};
	rootObject = 9FFDA2041B835E2F0044097D /* Project object */;
}
